{
  "version": 1,
  "dependencies": {
    "net6.0": {
      "System.IO.Ports": {
        "type": "Direct",
        "requested": "[6.0.0, )",
        "resolved": "6.0.0",
        "contentHash": "dRyGI7fUESar5ZLIpiBOaaNLW7YyOBGftjj5Of+xcduC/Rjl7RjhEnWDvvNBmHuF3d0tdXoqdVI/yrVA8f00XA==",
        "dependencies": {
          "runtime.native.System.IO.Ports": "6.0.0"
        }
      },
      "runtime.linux-arm.runtime.native.System.IO.Ports": {
        "type": "Transitive",
        "resolved": "6.0.0",
        "contentHash": "75q52H7CSpgIoIDwXb9o833EvBZIXJ0mdPhz1E6jSisEXUBlSCPalC29cj3EXsjpuDwr0dj1LRXZepIQH/oL4Q=="
      },
      "runtime.linux-arm64.runtime.native.System.IO.Ports": {
        "type": "Transitive",
        "resolved": "6.0.0",
        "contentHash": "xn2bMThmXr3CsvOYmS8ex2Yz1xo+kcnhVg2iVhS9PlmqjZPAkrEo/I40wjrBZH/tU4kvH0s1AE8opAvQ3KIS8g=="
      },
      "runtime.linux-x64.runtime.native.System.IO.Ports": {
        "type": "Transitive",
        "resolved": "6.0.0",
        "contentHash": "16nbNXwv0sC+gLGIuecri0skjuh6R1maIJggsaNP7MQBcbVcEfWFUOkEnsnvoLEjy0XerfibuRptfQ8AmdIcWA=="
      },
      "runtime.native.System.IO.Ports": {
        "type": "Transitive",
        "resolved": "6.0.0",
        "contentHash": "KaaXlpOcuZjMdmyF5wzzx3b+PRKIzt6A5Ax9dKenPDQbVJAFpev+casD0BIig1pBcbs3zx7CqWemzUJKAeHdSQ==",
        "dependencies": {
          "runtime.linux-arm.runtime.native.System.IO.Ports": "6.0.0",
          "runtime.linux-arm64.runtime.native.System.IO.Ports": "6.0.0",
          "runtime.linux-x64.runtime.native.System.IO.Ports": "6.0.0",
          "runtime.osx-arm64.runtime.native.System.IO.Ports": "6.0.0",
          "runtime.osx-x64.runtime.native.System.IO.Ports": "6.0.0"
        }
      },
      "runtime.osx-arm64.runtime.native.System.IO.Ports": {
        "type": "Transitive",
        "resolved": "6.0.0",
        "contentHash": "fXG12NodG1QrCdoaeSQ1gVnk/koi4WYY4jZtarMkZeQMyReBm1nZlSRoPnUjLr2ZR36TiMjpcGnQfxymieUe7w=="
      },
      "runtime.osx-x64.runtime.native.System.IO.Ports": {
        "type": "Transitive",
        "resolved": "6.0.0",
        "contentHash": "/As+zPY49+dSUXkh+fTUbyPhqrdGN//evLxo4Vue88pfh1BHZgF7q4kMblTkxYvwR6Vi03zSYxysSFktO8/SDQ=="
      }
    },
    "net6.0/win-x64": {
      "System.IO.Ports": {
        "type": "Direct",
        "requested": "[6.0.0, )",
        "resolved": "6.0.0",
        "contentHash": "dRyGI7fUESar5ZLIpiBOaaNLW7YyOBGftjj5Of+xcduC/Rjl7RjhEnWDvvNBmHuF3d0tdXoqdVI/yrVA8f00XA==",
        "dependencies": {
          "runtime.native.System.IO.Ports": "6.0.0"
        }
      },
      "runtime.linux-arm.runtime.native.System.IO.Ports": {
        "type": "Transitive",
        "resolved": "6.0.0",
        "contentHash": "75q52H7CSpgIoIDwXb9o833EvBZIXJ0mdPhz1E6jSisEXUBlSCPalC29cj3EXsjpuDwr0dj1LRXZepIQH/oL4Q=="
      },
      "runtime.linux-arm64.runtime.native.System.IO.Ports": {
        "type": "Transitive",
        "resolved": "6.0.0",
        "contentHash": "xn2bMThmXr3CsvOYmS8ex2Yz1xo+kcnhVg2iVhS9PlmqjZPAkrEo/I40wjrBZH/tU4kvH0s1AE8opAvQ3KIS8g=="
      },
      "runtime.linux-x64.runtime.native.System.IO.Ports": {
        "type": "Transitive",
        "resolved": "6.0.0",
        "contentHash": "16nbNXwv0sC+gLGIuecri0skjuh6R1maIJggsaNP7MQBcbVcEfWFUOkEnsnvoLEjy0XerfibuRptfQ8AmdIcWA=="
      },
      "runtime.osx-arm64.runtime.native.System.IO.Ports": {
        "type": "Transitive",
        "resolved": "6.0.0",
        "contentHash": "fXG12NodG1QrCdoaeSQ1gVnk/koi4WYY4jZtarMkZeQMyReBm1nZlSRoPnUjLr2ZR36TiMjpcGnQfxymieUe7w=="
      },
      "runtime.osx-x64.runtime.native.System.IO.Ports": {
        "type": "Transitive",
        "resolved": "6.0.0",
        "contentHash": "/As+zPY49+dSUXkh+fTUbyPhqrdGN//evLxo4Vue88pfh1BHZgF7q4kMblTkxYvwR6Vi03zSYxysSFktO8/SDQ=="
      }
    },
    "net6.0/win-x86": {
      "System.IO.Ports": {
        "type": "Direct",
        "requested": "[6.0.0, )",
        "resolved": "6.0.0",
        "contentHash": "dRyGI7fUESar5ZLIpiBOaaNLW7YyOBGftjj5Of+xcduC/Rjl7RjhEnWDvvNBmHuF3d0tdXoqdVI/yrVA8f00XA==",
        "dependencies": {
          "runtime.native.System.IO.Ports": "6.0.0"
        }
      },
      "runtime.linux-arm.runtime.native.System.IO.Ports": {
        "type": "Transitive",
        "resolved": "6.0.0",
        "contentHash": "75q52H7CSpgIoIDwXb9o833EvBZIXJ0mdPhz1E6jSisEXUBlSCPalC29cj3EXsjpuDwr0dj1LRXZepIQH/oL4Q=="
      },
      "runtime.linux-arm64.runtime.native.System.IO.Ports": {
        "type": "Transitive",
        "resolved": "6.0.0",
        "contentHash": "xn2bMThmXr3CsvOYmS8ex2Yz1xo+kcnhVg2iVhS9PlmqjZPAkrEo/I40wjrBZH/tU4kvH0s1AE8opAvQ3KIS8g=="
      },
      "runtime.linux-x64.runtime.native.System.IO.Ports": {
        "type": "Transitive",
        "resolved": "6.0.0",
        "contentHash": "16nbNXwv0sC+gLGIuecri0skjuh6R1maIJggsaNP7MQBcbVcEfWFUOkEnsnvoLEjy0XerfibuRptfQ8AmdIcWA=="
      },
      "runtime.osx-arm64.runtime.native.System.IO.Ports": {
        "type": "Transitive",
        "resolved": "6.0.0",
        "contentHash": "fXG12NodG1QrCdoaeSQ1gVnk/koi4WYY4jZtarMkZeQMyReBm1nZlSRoPnUjLr2ZR36TiMjpcGnQfxymieUe7w=="
      },
      "runtime.osx-x64.runtime.native.System.IO.Ports": {
        "type": "Transitive",
        "resolved": "6.0.0",
        "contentHash": "/As+zPY49+dSUXkh+fTUbyPhqrdGN//evLxo4Vue88pfh1BHZgF7q4kMblTkxYvwR6Vi03zSYxysSFktO8/SDQ=="
      }
    }
  }
}