
Microsoft Visual Studio Solution File, Format Version 12.00
# Visual Studio Version 17
VisualStudioVersion = 17.4.33213.308
MinimumVisualStudioVersion = 10.0.40219.1
Project("{11A8DD76-328B-46DF-9F39-F559912D0360}") = "NF.TestApplication", "NF.TestApplication.nfproj", "{247F9798-E240-4D5B-956D-35E5EAD21CE2}"
EndProject
Global
	GlobalSection(SolutionConfigurationPlatforms) = preSolution
		Debug|Any CPU = Debug|Any CPU
		Release|Any CPU = Release|Any CPU
	EndGlobalSection
	GlobalSection(ProjectConfigurationPlatforms) = postSolution
		{247F9798-E240-4D5B-956D-35E5EAD21CE2}.Debug|Any CPU.ActiveCfg = Debug|Any CPU
		{247F9798-E240-4D5B-956D-35E5EAD21CE2}.Debug|Any CPU.Build.0 = Debug|Any CPU
		{247F9798-E240-4D5B-956D-35E5EAD21CE2}.Release|Any CPU.ActiveCfg = Release|Any CPU
		{247F9798-E240-4D5B-956D-35E5EAD21CE2}.Release|Any CPU.Build.0 = Release|Any CPU
	EndGlobalSection
	GlobalSection(SolutionProperties) = preSolution
		HideSolutionNode = FALSE
	EndGlobalSection
	GlobalSection(ExtensibilityGlobals) = postSolution
		SolutionGuid = {62117BDC-3FD8-42D4-9171-A4B4F12F46BB}
	EndGlobalSection
EndGlobal
