
Microsoft Visual Studio Solution File, Format Version 12.00
# Visual Studio Version 17
VisualStudioVersion = 17.2.32519.379
MinimumVisualStudioVersion = 10.0.40219.1
Project("{8BC9CEB8-8B4A-11D0-8D11-00A0C91BC942}") = "nanoFramework.nanoCLR", "nanoFramework.nanoCLR\nanoFramework.nanoCLR.vcxproj", "{06700522-0275-4149-AC58-93445ADD1D32}"
EndProject
Project("{2150E333-8FDC-42A3-9474-1A3956D46DE8}") = "Assemblies", "Assemblies", "{E91B7D05-94FA-4E24-8981-411E6A60092E}"
EndProject
Project("{8BC9CEB8-8B4A-11D0-8D11-00A0C91BC942}") = "nanoFramework.ResourceManager", "..\..\src\nanoFramework.ResourceManager\nanoFramework.ResourceManager.vcxproj", "{4F6DD35B-A0C8-47EE-880A-1224FADE9276}"
EndProject
Project("{8BC9CEB8-8B4A-11D0-8D11-00A0C91BC942}") = "Networking.Sntp", "..\..\src\DeviceInterfaces\Networking.Sntp\Networking.Sntp.vcxproj", "{84C62EFC-DBA2-4D47-BB81-322E8902C6D6}"
EndProject
Project("{8BC9CEB8-8B4A-11D0-8D11-00A0C91BC942}") = "Runtime.Native", "..\..\src\nanoFramework.Runtime.Native\Runtime.Native.vcxproj", "{B829E436-91EA-46B3-949B-3273211C8F56}"
EndProject
Project("{8BC9CEB8-8B4A-11D0-8D11-00A0C91BC942}") = "System.Collections", "..\..\src\nanoFramework.System.Collections\System.Collections.vcxproj", "{091562A5-5C72-4115-A053-DAF183A3B45B}"
EndProject
Project("{8BC9CEB8-8B4A-11D0-8D11-00A0C91BC942}") = "System.IO.Ports", "..\..\src\System.IO.Ports\System.IO.Ports.vcxproj", "{46556AFC-C248-4082-ABE6-9B07F4E57579}"
EndProject
Project("{8BC9CEB8-8B4A-11D0-8D11-00A0C91BC942}") = "System.Math", "..\..\src\CLR\System.Math\System.Math.vcxproj", "{D3F92F34-63DB-446F-BD0B-851AD0069805}"
EndProject
Project("{8BC9CEB8-8B4A-11D0-8D11-00A0C91BC942}") = "System.Text", "..\..\src\nanoFramework.System.Text\System.Text.vcxproj", "{70922447-EBF0-4473-B014-776F8C9426E7}"
EndProject
Project("{2150E333-8FDC-42A3-9474-1A3956D46DE8}") = "Features", "Features", "{B5342381-A5C8-429B-99E6-49C86AD55C4E}"
EndProject
Project("{8BC9CEB8-8B4A-11D0-8D11-00A0C91BC942}") = "Debugger", "..\..\src\CLR\Debugger\Debugger.vcxproj", "{DD397EC4-844B-4B59-A67B-CAD6B46F1F00}"
EndProject
Project("{8BC9CEB8-8B4A-11D0-8D11-00A0C91BC942}") = "Diagnostics", "..\..\src\CLR\Diagnostics\Diagnostics.vcxproj", "{A5E9AE41-F4FA-40CE-AD82-A7861EBA007B}"
EndProject
Project("{8BC9CEB8-8B4A-11D0-8D11-00A0C91BC942}") = "Hardware", "..\..\src\CLR\Core\Hardware\Hardware.vcxproj", "{5D50772E-DAC8-407D-972F-37DEB4450B72}"
EndProject
Project("{8BC9CEB8-8B4A-11D0-8D11-00A0C91BC942}") = "InterruptHandler", "..\..\src\CLR\Core\InterruptHandler\InterruptHandler.vcxproj", "{D32EE397-7E49-452D-AC95-AFCB3C962E3D}"
EndProject
Project("{8BC9CEB8-8B4A-11D0-8D11-00A0C91BC942}") = "Messaging", "..\..\src\CLR\Messaging\Messaging.vcxproj", "{131001E3-0201-451F-A87B-951D1C5C3EEE}"
EndProject
Project("{8BC9CEB8-8B4A-11D0-8D11-00A0C91BC942}") = "NativeEventDispatcher", "..\..\src\CLR\Core\NativeEventDispatcher\NativeEventDispatcher.vcxproj", "{6DD5CA4F-2AE9-44D3-B9D7-A2A4A35FC5B2}"
EndProject
Project("{8BC9CEB8-8B4A-11D0-8D11-00A0C91BC942}") = "RPC", "..\..\src\CLR\Core\RPC\RPC.vcxproj", "{ED4C887A-EC09-465B-B5D9-075450ADC52D}"
EndProject
Project("{8BC9CEB8-8B4A-11D0-8D11-00A0C91BC942}") = "Serialization", "..\..\src\CLR\Core\Serialization\Serialization.vcxproj", "{16BF6131-A3B8-4B97-B867-E45669FB48BD}"
EndProject
Project("{8BC9CEB8-8B4A-11D0-8D11-00A0C91BC942}") = "System.Net", "..\..\src\DeviceInterfaces\System.Net\System.Net.vcxproj", "{87B3B6FB-AE1F-4777-ABBF-3E42E0DEB336}"
EndProject
Project("{8BC9CEB8-8B4A-11D0-8D11-00A0C91BC942}") = "WireProtocol", "..\..\src\CLR\WireProtocol\WireProtocol.vcxproj", "{2337C4A4-3AB4-4014-9C29-9EBE32F4510E}"
EndProject
Project("{2150E333-8FDC-42A3-9474-1A3956D46DE8}") = "Stubs", "Stubs", "{966ADF45-F9C2-4559-A8C1-30DA28498442}"
EndProject
Project("{8BC9CEB8-8B4A-11D0-8D11-00A0C91BC942}") = "Debugger_stub", "..\..\src\CLR\Debugger\Debugger_stub.vcxproj", "{6DABCBF1-245A-4E76-BD36-8BC300C7DD82}"
EndProject
Project("{8BC9CEB8-8B4A-11D0-8D11-00A0C91BC942}") = "Diagnostics_stub", "..\..\src\CLR\Diagnostics\Diagnostics_stub.vcxproj", "{C97A9845-02DC-46E4-B219-BF5EA8FB28E3}"
EndProject
Project("{8BC9CEB8-8B4A-11D0-8D11-00A0C91BC942}") = "Hardware_stub", "..\..\src\CLR\Core\Hardware\Hardware_stub.vcxproj", "{31253D7F-147E-49A3-BC0D-E0ADE6CF040B}"
EndProject
Project("{8BC9CEB8-8B4A-11D0-8D11-00A0C91BC942}") = "InterruptHandler_stub", "..\..\src\CLR\Core\InterruptHandler\InterruptHandler_stub.vcxproj", "{5772D362-7277-49CF-9B49-42335A3154BD}"
EndProject
Project("{8BC9CEB8-8B4A-11D0-8D11-00A0C91BC942}") = "Messaging_stub", "..\..\src\CLR\Messaging\Messaging_stub.vcxproj", "{8ACD05E8-42FB-4A49-9D8B-79239F0EED25}"
EndProject
Project("{8BC9CEB8-8B4A-11D0-8D11-00A0C91BC942}") = "NativeEventDispatcher_stub", "..\..\src\CLR\Core\NativeEventDispatcher\NativeEventDispatcher_stub.vcxproj", "{5406EB0C-2243-47E1-9F21-F2D7CA277092}"
EndProject
Project("{8BC9CEB8-8B4A-11D0-8D11-00A0C91BC942}") = "RPC_stub", "..\..\src\CLR\Core\RPC\RPC_stub.vcxproj", "{D0B2ADFE-3347-4D73-9364-9C36935D12F8}"
EndProject
Project("{2150E333-8FDC-42A3-9474-1A3956D46DE8}") = "Core", "Core", "{515E72C2-A29C-4742-B0EB-509801A04F5B}"
EndProject
Project("{8BC9CEB8-8B4A-11D0-8D11-00A0C91BC942}") = "Core", "..\..\src\CLR\Core\Core.vcxproj", "{89CF8BDB-9C8A-4D18-BC3E-4312C5BD34B1}"
EndProject
Project("{8BC9CEB8-8B4A-11D0-8D11-00A0C91BC942}") = "CorLib", "..\..\src\CLR\CorLib\CorLib.vcxproj", "{58E950CC-2FF6-423C-B006-A70A19272F20}"
EndProject
Project("{8BC9CEB8-8B4A-11D0-8D11-00A0C91BC942}") = "Startup", "..\..\src\CLR\Startup\Startup.vcxproj", "{2A840DC3-FFA8-4562-BD13-AB2B0BA02CB6}"
EndProject
Project("{9A19103F-16F7-4668-BE54-9A1E7A4F7556}") = "nanoFramework.nanoCLR.CLI", "nanoFramework.nanoCLR.CLI\nanoFramework.nanoCLR.CLI.csproj", "{20D8D3FE-8D49-4351-8DDD-2253E8D53C24}"
EndProject
Project("{9A19103F-16F7-4668-BE54-9A1E7A4F7556}") = "nanoFramework.nanoCLR.Host", "nanoFramework.nanoCLR.Host\nanoFramework.nanoCLR.Host.csproj", "{ED0DB0E3-424A-47C7-88F0-48D79169D18B}"
	ProjectSection(ProjectDependencies) = postProject
		{06700522-0275-4149-AC58-93445ADD1D32} = {06700522-0275-4149-AC58-93445ADD1D32}
	EndProjectSection
EndProject
Project("{8BC9CEB8-8B4A-11D0-8D11-00A0C91BC942}") = "System.Device.Gpio", "..\..\src\System.Device.Gpio\System.Device.Gpio.vcxproj", "{830A7E28-7B2B-4BE6-8888-A39775A0092A}"
EndProject
Project("{8BC9CEB8-8B4A-11D0-8D11-00A0C91BC942}") = "System.Runtime.Serialization", "..\..\src\System.Runtime.Serialization\System.Runtime.Serialization.vcxproj", "{C9264D0A-AC25-46B0-BD08-4A3252427F19}"
EndProject
Project("{8BC9CEB8-8B4A-11D0-8D11-00A0C91BC942}") = "System.IO.FileSystem", "..\..\src\System.IO.FileSystem\System.IO.FileSystem.vcxproj", "{8FD84749-23EC-491C-9C21-41DBD72BA9F4}"
EndProject
Project("{8BC9CEB8-8B4A-11D0-8D11-00A0C91BC942}") = "littlefs", "littlefs\littlefs.vcxproj", "{5B70A795-A6F2-44DF-8566-5D68D9E892DB}"
EndProject
Project("{8BC9CEB8-8B4A-11D0-8D11-00A0C91BC942}") = "FileStream", "..\..\src\CLR\Core\FileStream\FileStream.vcxproj", "{ABFE159E-84D5-489E-BFE6-8A7F4B597A44}"
EndProject
Project("{8BC9CEB8-8B4A-11D0-8D11-00A0C91BC942}") = "System.Device.I2c", "..\..\src\System.Device.I2c\System.Device.I2c.vcxproj", "{E9AE1AF4-6B6A-4E10-B136-7A8AFFC5B910}"
EndProject
Project("{8BC9CEB8-8B4A-11D0-8D11-00A0C91BC942}") = "System.Device.Spi", "..\..\src\System.Device.Spi\System.Device.Spi.vcxproj", "{197C5BB5-72D2-4634-A5F8-8443DBF39985}"
EndProject
Project("{8BC9CEB8-8B4A-11D0-8D11-00A0C91BC942}") = "System.IO.Hashing", "..\..\src\nanoFramework.System.IO.Hashing\System.IO.Hashing.vcxproj", "{856FBB90-AE1D-4F23-A919-53727E0E9BC6}"
EndProject
Global
	GlobalSection(SolutionConfigurationPlatforms) = preSolution
		Debug|Any CPU = Debug|Any CPU
		Debug|x64 = Debug|x64
		Debug|x86 = Debug|x86
		Release|Any CPU = Release|Any CPU
		Release|x64 = Release|x64
		Release|x86 = Release|x86
	EndGlobalSection
	GlobalSection(ProjectConfigurationPlatforms) = postSolution
		{06700522-0275-4149-AC58-93445ADD1D32}.Debug|Any CPU.ActiveCfg = Debug|x64
		{06700522-0275-4149-AC58-93445ADD1D32}.Debug|Any CPU.Build.0 = Debug|x64
		{06700522-0275-4149-AC58-93445ADD1D32}.Debug|x64.ActiveCfg = Debug|x64
		{06700522-0275-4149-AC58-93445ADD1D32}.Debug|x64.Build.0 = Debug|x64
		{06700522-0275-4149-AC58-93445ADD1D32}.Debug|x86.ActiveCfg = Debug|Win32
		{06700522-0275-4149-AC58-93445ADD1D32}.Debug|x86.Build.0 = Debug|Win32
		{06700522-0275-4149-AC58-93445ADD1D32}.Release|Any CPU.ActiveCfg = Release|x64
		{06700522-0275-4149-AC58-93445ADD1D32}.Release|Any CPU.Build.0 = Release|x64
		{06700522-0275-4149-AC58-93445ADD1D32}.Release|x64.ActiveCfg = Release|x64
		{06700522-0275-4149-AC58-93445ADD1D32}.Release|x64.Build.0 = Release|x64
		{06700522-0275-4149-AC58-93445ADD1D32}.Release|x86.ActiveCfg = Release|Win32
		{06700522-0275-4149-AC58-93445ADD1D32}.Release|x86.Build.0 = Release|Win32
		{4F6DD35B-A0C8-47EE-880A-1224FADE9276}.Debug|Any CPU.ActiveCfg = Debug|x64
		{4F6DD35B-A0C8-47EE-880A-1224FADE9276}.Debug|Any CPU.Build.0 = Debug|x64
		{4F6DD35B-A0C8-47EE-880A-1224FADE9276}.Debug|x64.ActiveCfg = Debug|x64
		{4F6DD35B-A0C8-47EE-880A-1224FADE9276}.Debug|x64.Build.0 = Debug|x64
		{4F6DD35B-A0C8-47EE-880A-1224FADE9276}.Debug|x86.ActiveCfg = Debug|Win32
		{4F6DD35B-A0C8-47EE-880A-1224FADE9276}.Debug|x86.Build.0 = Debug|Win32
		{4F6DD35B-A0C8-47EE-880A-1224FADE9276}.Release|Any CPU.ActiveCfg = Release|x64
		{4F6DD35B-A0C8-47EE-880A-1224FADE9276}.Release|Any CPU.Build.0 = Release|x64
		{4F6DD35B-A0C8-47EE-880A-1224FADE9276}.Release|x64.ActiveCfg = Release|x64
		{4F6DD35B-A0C8-47EE-880A-1224FADE9276}.Release|x64.Build.0 = Release|x64
		{4F6DD35B-A0C8-47EE-880A-1224FADE9276}.Release|x86.ActiveCfg = Release|Win32
		{4F6DD35B-A0C8-47EE-880A-1224FADE9276}.Release|x86.Build.0 = Release|Win32
		{84C62EFC-DBA2-4D47-BB81-322E8902C6D6}.Debug|Any CPU.ActiveCfg = Debug|x64
		{84C62EFC-DBA2-4D47-BB81-322E8902C6D6}.Debug|Any CPU.Build.0 = Debug|x64
		{84C62EFC-DBA2-4D47-BB81-322E8902C6D6}.Debug|x64.ActiveCfg = Debug|x64
		{84C62EFC-DBA2-4D47-BB81-322E8902C6D6}.Debug|x64.Build.0 = Debug|x64
		{84C62EFC-DBA2-4D47-BB81-322E8902C6D6}.Debug|x86.ActiveCfg = Debug|Win32
		{84C62EFC-DBA2-4D47-BB81-322E8902C6D6}.Debug|x86.Build.0 = Debug|Win32
		{84C62EFC-DBA2-4D47-BB81-322E8902C6D6}.Release|Any CPU.ActiveCfg = Release|x64
		{84C62EFC-DBA2-4D47-BB81-322E8902C6D6}.Release|Any CPU.Build.0 = Release|x64
		{84C62EFC-DBA2-4D47-BB81-322E8902C6D6}.Release|x64.ActiveCfg = Release|x64
		{84C62EFC-DBA2-4D47-BB81-322E8902C6D6}.Release|x64.Build.0 = Release|x64
		{84C62EFC-DBA2-4D47-BB81-322E8902C6D6}.Release|x86.ActiveCfg = Release|Win32
		{84C62EFC-DBA2-4D47-BB81-322E8902C6D6}.Release|x86.Build.0 = Release|Win32
		{B829E436-91EA-46B3-949B-3273211C8F56}.Debug|Any CPU.ActiveCfg = Debug|x64
		{B829E436-91EA-46B3-949B-3273211C8F56}.Debug|Any CPU.Build.0 = Debug|x64
		{B829E436-91EA-46B3-949B-3273211C8F56}.Debug|x64.ActiveCfg = Debug|x64
		{B829E436-91EA-46B3-949B-3273211C8F56}.Debug|x64.Build.0 = Debug|x64
		{B829E436-91EA-46B3-949B-3273211C8F56}.Debug|x86.ActiveCfg = Debug|Win32
		{B829E436-91EA-46B3-949B-3273211C8F56}.Debug|x86.Build.0 = Debug|Win32
		{B829E436-91EA-46B3-949B-3273211C8F56}.Release|Any CPU.ActiveCfg = Release|x64
		{B829E436-91EA-46B3-949B-3273211C8F56}.Release|Any CPU.Build.0 = Release|x64
		{B829E436-91EA-46B3-949B-3273211C8F56}.Release|x64.ActiveCfg = Release|x64
		{B829E436-91EA-46B3-949B-3273211C8F56}.Release|x64.Build.0 = Release|x64
		{B829E436-91EA-46B3-949B-3273211C8F56}.Release|x86.ActiveCfg = Release|Win32
		{B829E436-91EA-46B3-949B-3273211C8F56}.Release|x86.Build.0 = Release|Win32
		{091562A5-5C72-4115-A053-DAF183A3B45B}.Debug|Any CPU.ActiveCfg = Debug|x64
		{091562A5-5C72-4115-A053-DAF183A3B45B}.Debug|Any CPU.Build.0 = Debug|x64
		{091562A5-5C72-4115-A053-DAF183A3B45B}.Debug|x64.ActiveCfg = Debug|x64
		{091562A5-5C72-4115-A053-DAF183A3B45B}.Debug|x64.Build.0 = Debug|x64
		{091562A5-5C72-4115-A053-DAF183A3B45B}.Debug|x86.ActiveCfg = Debug|Win32
		{091562A5-5C72-4115-A053-DAF183A3B45B}.Debug|x86.Build.0 = Debug|Win32
		{091562A5-5C72-4115-A053-DAF183A3B45B}.Release|Any CPU.ActiveCfg = Release|x64
		{091562A5-5C72-4115-A053-DAF183A3B45B}.Release|Any CPU.Build.0 = Release|x64
		{091562A5-5C72-4115-A053-DAF183A3B45B}.Release|x64.ActiveCfg = Release|x64
		{091562A5-5C72-4115-A053-DAF183A3B45B}.Release|x64.Build.0 = Release|x64
		{091562A5-5C72-4115-A053-DAF183A3B45B}.Release|x86.ActiveCfg = Release|Win32
		{091562A5-5C72-4115-A053-DAF183A3B45B}.Release|x86.Build.0 = Release|Win32
		{46556AFC-C248-4082-ABE6-9B07F4E57579}.Debug|Any CPU.ActiveCfg = Debug|x64
		{46556AFC-C248-4082-ABE6-9B07F4E57579}.Debug|Any CPU.Build.0 = Debug|x64
		{46556AFC-C248-4082-ABE6-9B07F4E57579}.Debug|x64.ActiveCfg = Debug|x64
		{46556AFC-C248-4082-ABE6-9B07F4E57579}.Debug|x64.Build.0 = Debug|x64
		{46556AFC-C248-4082-ABE6-9B07F4E57579}.Debug|x86.ActiveCfg = Debug|Win32
		{46556AFC-C248-4082-ABE6-9B07F4E57579}.Debug|x86.Build.0 = Debug|Win32
		{46556AFC-C248-4082-ABE6-9B07F4E57579}.Release|Any CPU.ActiveCfg = Release|x64
		{46556AFC-C248-4082-ABE6-9B07F4E57579}.Release|Any CPU.Build.0 = Release|x64
		{46556AFC-C248-4082-ABE6-9B07F4E57579}.Release|x64.ActiveCfg = Release|x64
		{46556AFC-C248-4082-ABE6-9B07F4E57579}.Release|x64.Build.0 = Release|x64
		{46556AFC-C248-4082-ABE6-9B07F4E57579}.Release|x86.ActiveCfg = Release|Win32
		{46556AFC-C248-4082-ABE6-9B07F4E57579}.Release|x86.Build.0 = Release|Win32
		{D3F92F34-63DB-446F-BD0B-851AD0069805}.Debug|Any CPU.ActiveCfg = Debug|x64
		{D3F92F34-63DB-446F-BD0B-851AD0069805}.Debug|Any CPU.Build.0 = Debug|x64
		{D3F92F34-63DB-446F-BD0B-851AD0069805}.Debug|x64.ActiveCfg = Debug|x64
		{D3F92F34-63DB-446F-BD0B-851AD0069805}.Debug|x64.Build.0 = Debug|x64
		{D3F92F34-63DB-446F-BD0B-851AD0069805}.Debug|x86.ActiveCfg = Debug|Win32
		{D3F92F34-63DB-446F-BD0B-851AD0069805}.Debug|x86.Build.0 = Debug|Win32
		{D3F92F34-63DB-446F-BD0B-851AD0069805}.Release|Any CPU.ActiveCfg = Release|x64
		{D3F92F34-63DB-446F-BD0B-851AD0069805}.Release|Any CPU.Build.0 = Release|x64
		{D3F92F34-63DB-446F-BD0B-851AD0069805}.Release|x64.ActiveCfg = Release|x64
		{D3F92F34-63DB-446F-BD0B-851AD0069805}.Release|x64.Build.0 = Release|x64
		{D3F92F34-63DB-446F-BD0B-851AD0069805}.Release|x86.ActiveCfg = Release|Win32
		{D3F92F34-63DB-446F-BD0B-851AD0069805}.Release|x86.Build.0 = Release|Win32
		{70922447-EBF0-4473-B014-776F8C9426E7}.Debug|Any CPU.ActiveCfg = Debug|x64
		{70922447-EBF0-4473-B014-776F8C9426E7}.Debug|Any CPU.Build.0 = Debug|x64
		{70922447-EBF0-4473-B014-776F8C9426E7}.Debug|x64.ActiveCfg = Debug|x64
		{70922447-EBF0-4473-B014-776F8C9426E7}.Debug|x64.Build.0 = Debug|x64
		{70922447-EBF0-4473-B014-776F8C9426E7}.Debug|x86.ActiveCfg = Debug|Win32
		{70922447-EBF0-4473-B014-776F8C9426E7}.Debug|x86.Build.0 = Debug|Win32
		{70922447-EBF0-4473-B014-776F8C9426E7}.Release|Any CPU.ActiveCfg = Release|x64
		{70922447-EBF0-4473-B014-776F8C9426E7}.Release|Any CPU.Build.0 = Release|x64
		{70922447-EBF0-4473-B014-776F8C9426E7}.Release|x64.ActiveCfg = Release|x64
		{70922447-EBF0-4473-B014-776F8C9426E7}.Release|x64.Build.0 = Release|x64
		{70922447-EBF0-4473-B014-776F8C9426E7}.Release|x86.ActiveCfg = Release|Win32
		{70922447-EBF0-4473-B014-776F8C9426E7}.Release|x86.Build.0 = Release|Win32
		{DD397EC4-844B-4B59-A67B-CAD6B46F1F00}.Debug|Any CPU.ActiveCfg = Debug|x64
		{DD397EC4-844B-4B59-A67B-CAD6B46F1F00}.Debug|Any CPU.Build.0 = Debug|x64
		{DD397EC4-844B-4B59-A67B-CAD6B46F1F00}.Debug|x64.ActiveCfg = Debug|x64
		{DD397EC4-844B-4B59-A67B-CAD6B46F1F00}.Debug|x64.Build.0 = Debug|x64
		{DD397EC4-844B-4B59-A67B-CAD6B46F1F00}.Debug|x86.ActiveCfg = Debug|Win32
		{DD397EC4-844B-4B59-A67B-CAD6B46F1F00}.Debug|x86.Build.0 = Debug|Win32
		{DD397EC4-844B-4B59-A67B-CAD6B46F1F00}.Release|Any CPU.ActiveCfg = Release|x64
		{DD397EC4-844B-4B59-A67B-CAD6B46F1F00}.Release|Any CPU.Build.0 = Release|x64
		{DD397EC4-844B-4B59-A67B-CAD6B46F1F00}.Release|x64.ActiveCfg = Release|x64
		{DD397EC4-844B-4B59-A67B-CAD6B46F1F00}.Release|x64.Build.0 = Release|x64
		{DD397EC4-844B-4B59-A67B-CAD6B46F1F00}.Release|x86.ActiveCfg = Release|Win32
		{DD397EC4-844B-4B59-A67B-CAD6B46F1F00}.Release|x86.Build.0 = Release|Win32
		{A5E9AE41-F4FA-40CE-AD82-A7861EBA007B}.Debug|Any CPU.ActiveCfg = Debug|x64
		{A5E9AE41-F4FA-40CE-AD82-A7861EBA007B}.Debug|Any CPU.Build.0 = Debug|x64
		{A5E9AE41-F4FA-40CE-AD82-A7861EBA007B}.Debug|x64.ActiveCfg = Debug|x64
		{A5E9AE41-F4FA-40CE-AD82-A7861EBA007B}.Debug|x64.Build.0 = Debug|x64
		{A5E9AE41-F4FA-40CE-AD82-A7861EBA007B}.Debug|x86.ActiveCfg = Debug|Win32
		{A5E9AE41-F4FA-40CE-AD82-A7861EBA007B}.Debug|x86.Build.0 = Debug|Win32
		{A5E9AE41-F4FA-40CE-AD82-A7861EBA007B}.Release|Any CPU.ActiveCfg = Release|x64
		{A5E9AE41-F4FA-40CE-AD82-A7861EBA007B}.Release|Any CPU.Build.0 = Release|x64
		{A5E9AE41-F4FA-40CE-AD82-A7861EBA007B}.Release|x64.ActiveCfg = Release|x64
		{A5E9AE41-F4FA-40CE-AD82-A7861EBA007B}.Release|x64.Build.0 = Release|x64
		{A5E9AE41-F4FA-40CE-AD82-A7861EBA007B}.Release|x86.ActiveCfg = Release|Win32
		{A5E9AE41-F4FA-40CE-AD82-A7861EBA007B}.Release|x86.Build.0 = Release|Win32
		{5D50772E-DAC8-407D-972F-37DEB4450B72}.Debug|Any CPU.ActiveCfg = Debug|x64
		{5D50772E-DAC8-407D-972F-37DEB4450B72}.Debug|Any CPU.Build.0 = Debug|x64
		{5D50772E-DAC8-407D-972F-37DEB4450B72}.Debug|x64.ActiveCfg = Debug|x64
		{5D50772E-DAC8-407D-972F-37DEB4450B72}.Debug|x64.Build.0 = Debug|x64
		{5D50772E-DAC8-407D-972F-37DEB4450B72}.Debug|x86.ActiveCfg = Debug|Win32
		{5D50772E-DAC8-407D-972F-37DEB4450B72}.Debug|x86.Build.0 = Debug|Win32
		{5D50772E-DAC8-407D-972F-37DEB4450B72}.Release|Any CPU.ActiveCfg = Release|x64
		{5D50772E-DAC8-407D-972F-37DEB4450B72}.Release|Any CPU.Build.0 = Release|x64
		{5D50772E-DAC8-407D-972F-37DEB4450B72}.Release|x64.ActiveCfg = Release|x64
		{5D50772E-DAC8-407D-972F-37DEB4450B72}.Release|x64.Build.0 = Release|x64
		{5D50772E-DAC8-407D-972F-37DEB4450B72}.Release|x86.ActiveCfg = Release|Win32
		{5D50772E-DAC8-407D-972F-37DEB4450B72}.Release|x86.Build.0 = Release|Win32
		{D32EE397-7E49-452D-AC95-AFCB3C962E3D}.Debug|Any CPU.ActiveCfg = Debug|x64
		{D32EE397-7E49-452D-AC95-AFCB3C962E3D}.Debug|Any CPU.Build.0 = Debug|x64
		{D32EE397-7E49-452D-AC95-AFCB3C962E3D}.Debug|x64.ActiveCfg = Debug|x64
		{D32EE397-7E49-452D-AC95-AFCB3C962E3D}.Debug|x64.Build.0 = Debug|x64
		{D32EE397-7E49-452D-AC95-AFCB3C962E3D}.Debug|x86.ActiveCfg = Debug|Win32
		{D32EE397-7E49-452D-AC95-AFCB3C962E3D}.Debug|x86.Build.0 = Debug|Win32
		{D32EE397-7E49-452D-AC95-AFCB3C962E3D}.Release|Any CPU.ActiveCfg = Release|x64
		{D32EE397-7E49-452D-AC95-AFCB3C962E3D}.Release|Any CPU.Build.0 = Release|x64
		{D32EE397-7E49-452D-AC95-AFCB3C962E3D}.Release|x64.ActiveCfg = Release|x64
		{D32EE397-7E49-452D-AC95-AFCB3C962E3D}.Release|x64.Build.0 = Release|x64
		{D32EE397-7E49-452D-AC95-AFCB3C962E3D}.Release|x86.ActiveCfg = Release|Win32
		{D32EE397-7E49-452D-AC95-AFCB3C962E3D}.Release|x86.Build.0 = Release|Win32
		{131001E3-0201-451F-A87B-951D1C5C3EEE}.Debug|Any CPU.ActiveCfg = Debug|x64
		{131001E3-0201-451F-A87B-951D1C5C3EEE}.Debug|Any CPU.Build.0 = Debug|x64
		{131001E3-0201-451F-A87B-951D1C5C3EEE}.Debug|x64.ActiveCfg = Debug|x64
		{131001E3-0201-451F-A87B-951D1C5C3EEE}.Debug|x64.Build.0 = Debug|x64
		{131001E3-0201-451F-A87B-951D1C5C3EEE}.Debug|x86.ActiveCfg = Debug|Win32
		{131001E3-0201-451F-A87B-951D1C5C3EEE}.Debug|x86.Build.0 = Debug|Win32
		{131001E3-0201-451F-A87B-951D1C5C3EEE}.Release|Any CPU.ActiveCfg = Release|x64
		{131001E3-0201-451F-A87B-951D1C5C3EEE}.Release|Any CPU.Build.0 = Release|x64
		{131001E3-0201-451F-A87B-951D1C5C3EEE}.Release|x64.ActiveCfg = Release|x64
		{131001E3-0201-451F-A87B-951D1C5C3EEE}.Release|x64.Build.0 = Release|x64
		{131001E3-0201-451F-A87B-951D1C5C3EEE}.Release|x86.ActiveCfg = Release|Win32
		{131001E3-0201-451F-A87B-951D1C5C3EEE}.Release|x86.Build.0 = Release|Win32
		{6DD5CA4F-2AE9-44D3-B9D7-A2A4A35FC5B2}.Debug|Any CPU.ActiveCfg = Debug|x64
		{6DD5CA4F-2AE9-44D3-B9D7-A2A4A35FC5B2}.Debug|Any CPU.Build.0 = Debug|x64
		{6DD5CA4F-2AE9-44D3-B9D7-A2A4A35FC5B2}.Debug|x64.ActiveCfg = Debug|x64
		{6DD5CA4F-2AE9-44D3-B9D7-A2A4A35FC5B2}.Debug|x64.Build.0 = Debug|x64
		{6DD5CA4F-2AE9-44D3-B9D7-A2A4A35FC5B2}.Debug|x86.ActiveCfg = Debug|Win32
		{6DD5CA4F-2AE9-44D3-B9D7-A2A4A35FC5B2}.Debug|x86.Build.0 = Debug|Win32
		{6DD5CA4F-2AE9-44D3-B9D7-A2A4A35FC5B2}.Release|Any CPU.ActiveCfg = Release|x64
		{6DD5CA4F-2AE9-44D3-B9D7-A2A4A35FC5B2}.Release|Any CPU.Build.0 = Release|x64
		{6DD5CA4F-2AE9-44D3-B9D7-A2A4A35FC5B2}.Release|x64.ActiveCfg = Release|x64
		{6DD5CA4F-2AE9-44D3-B9D7-A2A4A35FC5B2}.Release|x64.Build.0 = Release|x64
		{6DD5CA4F-2AE9-44D3-B9D7-A2A4A35FC5B2}.Release|x86.ActiveCfg = Release|Win32
		{6DD5CA4F-2AE9-44D3-B9D7-A2A4A35FC5B2}.Release|x86.Build.0 = Release|Win32
		{ED4C887A-EC09-465B-B5D9-075450ADC52D}.Debug|Any CPU.ActiveCfg = Debug|x64
		{ED4C887A-EC09-465B-B5D9-075450ADC52D}.Debug|Any CPU.Build.0 = Debug|x64
		{ED4C887A-EC09-465B-B5D9-075450ADC52D}.Debug|x64.ActiveCfg = Debug|x64
		{ED4C887A-EC09-465B-B5D9-075450ADC52D}.Debug|x64.Build.0 = Debug|x64
		{ED4C887A-EC09-465B-B5D9-075450ADC52D}.Debug|x86.ActiveCfg = Debug|Win32
		{ED4C887A-EC09-465B-B5D9-075450ADC52D}.Debug|x86.Build.0 = Debug|Win32
		{ED4C887A-EC09-465B-B5D9-075450ADC52D}.Release|Any CPU.ActiveCfg = Release|x64
		{ED4C887A-EC09-465B-B5D9-075450ADC52D}.Release|Any CPU.Build.0 = Release|x64
		{ED4C887A-EC09-465B-B5D9-075450ADC52D}.Release|x64.ActiveCfg = Release|x64
		{ED4C887A-EC09-465B-B5D9-075450ADC52D}.Release|x64.Build.0 = Release|x64
		{ED4C887A-EC09-465B-B5D9-075450ADC52D}.Release|x86.ActiveCfg = Release|Win32
		{ED4C887A-EC09-465B-B5D9-075450ADC52D}.Release|x86.Build.0 = Release|Win32
		{16BF6131-A3B8-4B97-B867-E45669FB48BD}.Debug|Any CPU.ActiveCfg = Debug|x64
		{16BF6131-A3B8-4B97-B867-E45669FB48BD}.Debug|Any CPU.Build.0 = Debug|x64
		{16BF6131-A3B8-4B97-B867-E45669FB48BD}.Debug|x64.ActiveCfg = Debug|x64
		{16BF6131-A3B8-4B97-B867-E45669FB48BD}.Debug|x64.Build.0 = Debug|x64
		{16BF6131-A3B8-4B97-B867-E45669FB48BD}.Debug|x86.ActiveCfg = Debug|Win32
		{16BF6131-A3B8-4B97-B867-E45669FB48BD}.Debug|x86.Build.0 = Debug|Win32
		{16BF6131-A3B8-4B97-B867-E45669FB48BD}.Release|Any CPU.ActiveCfg = Release|x64
		{16BF6131-A3B8-4B97-B867-E45669FB48BD}.Release|Any CPU.Build.0 = Release|x64
		{16BF6131-A3B8-4B97-B867-E45669FB48BD}.Release|x64.ActiveCfg = Release|x64
		{16BF6131-A3B8-4B97-B867-E45669FB48BD}.Release|x64.Build.0 = Release|x64
		{16BF6131-A3B8-4B97-B867-E45669FB48BD}.Release|x86.ActiveCfg = Release|Win32
		{16BF6131-A3B8-4B97-B867-E45669FB48BD}.Release|x86.Build.0 = Release|Win32
		{87B3B6FB-AE1F-4777-ABBF-3E42E0DEB336}.Debug|Any CPU.ActiveCfg = Debug|x64
		{87B3B6FB-AE1F-4777-ABBF-3E42E0DEB336}.Debug|Any CPU.Build.0 = Debug|x64
		{87B3B6FB-AE1F-4777-ABBF-3E42E0DEB336}.Debug|x64.ActiveCfg = Debug|x64
		{87B3B6FB-AE1F-4777-ABBF-3E42E0DEB336}.Debug|x64.Build.0 = Debug|x64
		{87B3B6FB-AE1F-4777-ABBF-3E42E0DEB336}.Debug|x86.ActiveCfg = Debug|Win32
		{87B3B6FB-AE1F-4777-ABBF-3E42E0DEB336}.Debug|x86.Build.0 = Debug|Win32
		{87B3B6FB-AE1F-4777-ABBF-3E42E0DEB336}.Release|Any CPU.ActiveCfg = Release|x64
		{87B3B6FB-AE1F-4777-ABBF-3E42E0DEB336}.Release|Any CPU.Build.0 = Release|x64
		{87B3B6FB-AE1F-4777-ABBF-3E42E0DEB336}.Release|x64.ActiveCfg = Release|x64
		{87B3B6FB-AE1F-4777-ABBF-3E42E0DEB336}.Release|x64.Build.0 = Release|x64
		{87B3B6FB-AE1F-4777-ABBF-3E42E0DEB336}.Release|x86.ActiveCfg = Release|Win32
		{87B3B6FB-AE1F-4777-ABBF-3E42E0DEB336}.Release|x86.Build.0 = Release|Win32
		{2337C4A4-3AB4-4014-9C29-9EBE32F4510E}.Debug|Any CPU.ActiveCfg = Debug|x64
		{2337C4A4-3AB4-4014-9C29-9EBE32F4510E}.Debug|Any CPU.Build.0 = Debug|x64
		{2337C4A4-3AB4-4014-9C29-9EBE32F4510E}.Debug|x64.ActiveCfg = Debug|x64
		{2337C4A4-3AB4-4014-9C29-9EBE32F4510E}.Debug|x64.Build.0 = Debug|x64
		{2337C4A4-3AB4-4014-9C29-9EBE32F4510E}.Debug|x86.ActiveCfg = Debug|Win32
		{2337C4A4-3AB4-4014-9C29-9EBE32F4510E}.Debug|x86.Build.0 = Debug|Win32
		{2337C4A4-3AB4-4014-9C29-9EBE32F4510E}.Release|Any CPU.ActiveCfg = Release|x64
		{2337C4A4-3AB4-4014-9C29-9EBE32F4510E}.Release|Any CPU.Build.0 = Release|x64
		{2337C4A4-3AB4-4014-9C29-9EBE32F4510E}.Release|x64.ActiveCfg = Release|x64
		{2337C4A4-3AB4-4014-9C29-9EBE32F4510E}.Release|x64.Build.0 = Release|x64
		{2337C4A4-3AB4-4014-9C29-9EBE32F4510E}.Release|x86.ActiveCfg = Release|Win32
		{2337C4A4-3AB4-4014-9C29-9EBE32F4510E}.Release|x86.Build.0 = Release|Win32
		{6DABCBF1-245A-4E76-BD36-8BC300C7DD82}.Debug|Any CPU.ActiveCfg = Debug|x64
		{6DABCBF1-245A-4E76-BD36-8BC300C7DD82}.Debug|Any CPU.Build.0 = Debug|x64
		{6DABCBF1-245A-4E76-BD36-8BC300C7DD82}.Debug|x64.ActiveCfg = Debug|x64
		{6DABCBF1-245A-4E76-BD36-8BC300C7DD82}.Debug|x64.Build.0 = Debug|x64
		{6DABCBF1-245A-4E76-BD36-8BC300C7DD82}.Debug|x86.ActiveCfg = Debug|Win32
		{6DABCBF1-245A-4E76-BD36-8BC300C7DD82}.Debug|x86.Build.0 = Debug|Win32
		{6DABCBF1-245A-4E76-BD36-8BC300C7DD82}.Release|Any CPU.ActiveCfg = Release|x64
		{6DABCBF1-245A-4E76-BD36-8BC300C7DD82}.Release|Any CPU.Build.0 = Release|x64
		{6DABCBF1-245A-4E76-BD36-8BC300C7DD82}.Release|x64.ActiveCfg = Release|x64
		{6DABCBF1-245A-4E76-BD36-8BC300C7DD82}.Release|x64.Build.0 = Release|x64
		{6DABCBF1-245A-4E76-BD36-8BC300C7DD82}.Release|x86.ActiveCfg = Release|Win32
		{6DABCBF1-245A-4E76-BD36-8BC300C7DD82}.Release|x86.Build.0 = Release|Win32
		{C97A9845-02DC-46E4-B219-BF5EA8FB28E3}.Debug|Any CPU.ActiveCfg = Debug|x64
		{C97A9845-02DC-46E4-B219-BF5EA8FB28E3}.Debug|Any CPU.Build.0 = Debug|x64
		{C97A9845-02DC-46E4-B219-BF5EA8FB28E3}.Debug|x64.ActiveCfg = Debug|x64
		{C97A9845-02DC-46E4-B219-BF5EA8FB28E3}.Debug|x64.Build.0 = Debug|x64
		{C97A9845-02DC-46E4-B219-BF5EA8FB28E3}.Debug|x86.ActiveCfg = Debug|Win32
		{C97A9845-02DC-46E4-B219-BF5EA8FB28E3}.Debug|x86.Build.0 = Debug|Win32
		{C97A9845-02DC-46E4-B219-BF5EA8FB28E3}.Release|Any CPU.ActiveCfg = Release|x64
		{C97A9845-02DC-46E4-B219-BF5EA8FB28E3}.Release|Any CPU.Build.0 = Release|x64
		{C97A9845-02DC-46E4-B219-BF5EA8FB28E3}.Release|x64.ActiveCfg = Release|x64
		{C97A9845-02DC-46E4-B219-BF5EA8FB28E3}.Release|x64.Build.0 = Release|x64
		{C97A9845-02DC-46E4-B219-BF5EA8FB28E3}.Release|x86.ActiveCfg = Release|Win32
		{C97A9845-02DC-46E4-B219-BF5EA8FB28E3}.Release|x86.Build.0 = Release|Win32
		{31253D7F-147E-49A3-BC0D-E0ADE6CF040B}.Debug|Any CPU.ActiveCfg = Debug|x64
		{31253D7F-147E-49A3-BC0D-E0ADE6CF040B}.Debug|Any CPU.Build.0 = Debug|x64
		{31253D7F-147E-49A3-BC0D-E0ADE6CF040B}.Debug|x64.ActiveCfg = Debug|x64
		{31253D7F-147E-49A3-BC0D-E0ADE6CF040B}.Debug|x64.Build.0 = Debug|x64
		{31253D7F-147E-49A3-BC0D-E0ADE6CF040B}.Debug|x86.ActiveCfg = Debug|Win32
		{31253D7F-147E-49A3-BC0D-E0ADE6CF040B}.Debug|x86.Build.0 = Debug|Win32
		{31253D7F-147E-49A3-BC0D-E0ADE6CF040B}.Release|Any CPU.ActiveCfg = Release|x64
		{31253D7F-147E-49A3-BC0D-E0ADE6CF040B}.Release|Any CPU.Build.0 = Release|x64
		{31253D7F-147E-49A3-BC0D-E0ADE6CF040B}.Release|x64.ActiveCfg = Release|x64
		{31253D7F-147E-49A3-BC0D-E0ADE6CF040B}.Release|x64.Build.0 = Release|x64
		{31253D7F-147E-49A3-BC0D-E0ADE6CF040B}.Release|x86.ActiveCfg = Release|Win32
		{31253D7F-147E-49A3-BC0D-E0ADE6CF040B}.Release|x86.Build.0 = Release|Win32
		{5772D362-7277-49CF-9B49-42335A3154BD}.Debug|Any CPU.ActiveCfg = Debug|x64
		{5772D362-7277-49CF-9B49-42335A3154BD}.Debug|Any CPU.Build.0 = Debug|x64
		{5772D362-7277-49CF-9B49-42335A3154BD}.Debug|x64.ActiveCfg = Debug|x64
		{5772D362-7277-49CF-9B49-42335A3154BD}.Debug|x64.Build.0 = Debug|x64
		{5772D362-7277-49CF-9B49-42335A3154BD}.Debug|x86.ActiveCfg = Debug|Win32
		{5772D362-7277-49CF-9B49-42335A3154BD}.Debug|x86.Build.0 = Debug|Win32
		{5772D362-7277-49CF-9B49-42335A3154BD}.Release|Any CPU.ActiveCfg = Release|x64
		{5772D362-7277-49CF-9B49-42335A3154BD}.Release|Any CPU.Build.0 = Release|x64
		{5772D362-7277-49CF-9B49-42335A3154BD}.Release|x64.ActiveCfg = Release|x64
		{5772D362-7277-49CF-9B49-42335A3154BD}.Release|x64.Build.0 = Release|x64
		{5772D362-7277-49CF-9B49-42335A3154BD}.Release|x86.ActiveCfg = Release|Win32
		{5772D362-7277-49CF-9B49-42335A3154BD}.Release|x86.Build.0 = Release|Win32
		{8ACD05E8-42FB-4A49-9D8B-79239F0EED25}.Debug|Any CPU.ActiveCfg = Debug|x64
		{8ACD05E8-42FB-4A49-9D8B-79239F0EED25}.Debug|Any CPU.Build.0 = Debug|x64
		{8ACD05E8-42FB-4A49-9D8B-79239F0EED25}.Debug|x64.ActiveCfg = Debug|x64
		{8ACD05E8-42FB-4A49-9D8B-79239F0EED25}.Debug|x64.Build.0 = Debug|x64
		{8ACD05E8-42FB-4A49-9D8B-79239F0EED25}.Debug|x86.ActiveCfg = Debug|Win32
		{8ACD05E8-42FB-4A49-9D8B-79239F0EED25}.Debug|x86.Build.0 = Debug|Win32
		{8ACD05E8-42FB-4A49-9D8B-79239F0EED25}.Release|Any CPU.ActiveCfg = Release|x64
		{8ACD05E8-42FB-4A49-9D8B-79239F0EED25}.Release|Any CPU.Build.0 = Release|x64
		{8ACD05E8-42FB-4A49-9D8B-79239F0EED25}.Release|x64.ActiveCfg = Release|x64
		{8ACD05E8-42FB-4A49-9D8B-79239F0EED25}.Release|x64.Build.0 = Release|x64
		{8ACD05E8-42FB-4A49-9D8B-79239F0EED25}.Release|x86.ActiveCfg = Release|Win32
		{8ACD05E8-42FB-4A49-9D8B-79239F0EED25}.Release|x86.Build.0 = Release|Win32
		{5406EB0C-2243-47E1-9F21-F2D7CA277092}.Debug|Any CPU.ActiveCfg = Debug|x64
		{5406EB0C-2243-47E1-9F21-F2D7CA277092}.Debug|Any CPU.Build.0 = Debug|x64
		{5406EB0C-2243-47E1-9F21-F2D7CA277092}.Debug|x64.ActiveCfg = Debug|x64
		{5406EB0C-2243-47E1-9F21-F2D7CA277092}.Debug|x64.Build.0 = Debug|x64
		{5406EB0C-2243-47E1-9F21-F2D7CA277092}.Debug|x86.ActiveCfg = Debug|Win32
		{5406EB0C-2243-47E1-9F21-F2D7CA277092}.Debug|x86.Build.0 = Debug|Win32
		{5406EB0C-2243-47E1-9F21-F2D7CA277092}.Release|Any CPU.ActiveCfg = Release|x64
		{5406EB0C-2243-47E1-9F21-F2D7CA277092}.Release|Any CPU.Build.0 = Release|x64
		{5406EB0C-2243-47E1-9F21-F2D7CA277092}.Release|x64.ActiveCfg = Release|x64
		{5406EB0C-2243-47E1-9F21-F2D7CA277092}.Release|x64.Build.0 = Release|x64
		{5406EB0C-2243-47E1-9F21-F2D7CA277092}.Release|x86.ActiveCfg = Release|Win32
		{5406EB0C-2243-47E1-9F21-F2D7CA277092}.Release|x86.Build.0 = Release|Win32
		{D0B2ADFE-3347-4D73-9364-9C36935D12F8}.Debug|Any CPU.ActiveCfg = Debug|x64
		{D0B2ADFE-3347-4D73-9364-9C36935D12F8}.Debug|Any CPU.Build.0 = Debug|x64
		{D0B2ADFE-3347-4D73-9364-9C36935D12F8}.Debug|x64.ActiveCfg = Debug|x64
		{D0B2ADFE-3347-4D73-9364-9C36935D12F8}.Debug|x64.Build.0 = Debug|x64
		{D0B2ADFE-3347-4D73-9364-9C36935D12F8}.Debug|x86.ActiveCfg = Debug|Win32
		{D0B2ADFE-3347-4D73-9364-9C36935D12F8}.Debug|x86.Build.0 = Debug|Win32
		{D0B2ADFE-3347-4D73-9364-9C36935D12F8}.Release|Any CPU.ActiveCfg = Release|x64
		{D0B2ADFE-3347-4D73-9364-9C36935D12F8}.Release|Any CPU.Build.0 = Release|x64
		{D0B2ADFE-3347-4D73-9364-9C36935D12F8}.Release|x64.ActiveCfg = Release|x64
		{D0B2ADFE-3347-4D73-9364-9C36935D12F8}.Release|x64.Build.0 = Release|x64
		{D0B2ADFE-3347-4D73-9364-9C36935D12F8}.Release|x86.ActiveCfg = Release|Win32
		{D0B2ADFE-3347-4D73-9364-9C36935D12F8}.Release|x86.Build.0 = Release|Win32
		{89CF8BDB-9C8A-4D18-BC3E-4312C5BD34B1}.Debug|Any CPU.ActiveCfg = Debug|x64
		{89CF8BDB-9C8A-4D18-BC3E-4312C5BD34B1}.Debug|Any CPU.Build.0 = Debug|x64
		{89CF8BDB-9C8A-4D18-BC3E-4312C5BD34B1}.Debug|x64.ActiveCfg = Debug|x64
		{89CF8BDB-9C8A-4D18-BC3E-4312C5BD34B1}.Debug|x64.Build.0 = Debug|x64
		{89CF8BDB-9C8A-4D18-BC3E-4312C5BD34B1}.Debug|x86.ActiveCfg = Debug|Win32
		{89CF8BDB-9C8A-4D18-BC3E-4312C5BD34B1}.Debug|x86.Build.0 = Debug|Win32
		{89CF8BDB-9C8A-4D18-BC3E-4312C5BD34B1}.Release|Any CPU.ActiveCfg = Release|x64
		{89CF8BDB-9C8A-4D18-BC3E-4312C5BD34B1}.Release|Any CPU.Build.0 = Release|x64
		{89CF8BDB-9C8A-4D18-BC3E-4312C5BD34B1}.Release|x64.ActiveCfg = Release|x64
		{89CF8BDB-9C8A-4D18-BC3E-4312C5BD34B1}.Release|x64.Build.0 = Release|x64
		{89CF8BDB-9C8A-4D18-BC3E-4312C5BD34B1}.Release|x86.ActiveCfg = Release|Win32
		{89CF8BDB-9C8A-4D18-BC3E-4312C5BD34B1}.Release|x86.Build.0 = Release|Win32
		{58E950CC-2FF6-423C-B006-A70A19272F20}.Debug|Any CPU.ActiveCfg = Debug|x64
		{58E950CC-2FF6-423C-B006-A70A19272F20}.Debug|Any CPU.Build.0 = Debug|x64
		{58E950CC-2FF6-423C-B006-A70A19272F20}.Debug|x64.ActiveCfg = Debug|x64
		{58E950CC-2FF6-423C-B006-A70A19272F20}.Debug|x64.Build.0 = Debug|x64
		{58E950CC-2FF6-423C-B006-A70A19272F20}.Debug|x86.ActiveCfg = Debug|Win32
		{58E950CC-2FF6-423C-B006-A70A19272F20}.Debug|x86.Build.0 = Debug|Win32
		{58E950CC-2FF6-423C-B006-A70A19272F20}.Release|Any CPU.ActiveCfg = Release|x64
		{58E950CC-2FF6-423C-B006-A70A19272F20}.Release|Any CPU.Build.0 = Release|x64
		{58E950CC-2FF6-423C-B006-A70A19272F20}.Release|x64.ActiveCfg = Release|x64
		{58E950CC-2FF6-423C-B006-A70A19272F20}.Release|x64.Build.0 = Release|x64
		{58E950CC-2FF6-423C-B006-A70A19272F20}.Release|x86.ActiveCfg = Release|Win32
		{58E950CC-2FF6-423C-B006-A70A19272F20}.Release|x86.Build.0 = Release|Win32
		{2A840DC3-FFA8-4562-BD13-AB2B0BA02CB6}.Debug|Any CPU.ActiveCfg = Debug|x64
		{2A840DC3-FFA8-4562-BD13-AB2B0BA02CB6}.Debug|Any CPU.Build.0 = Debug|x64
		{2A840DC3-FFA8-4562-BD13-AB2B0BA02CB6}.Debug|x64.ActiveCfg = Debug|x64
		{2A840DC3-FFA8-4562-BD13-AB2B0BA02CB6}.Debug|x64.Build.0 = Debug|x64
		{2A840DC3-FFA8-4562-BD13-AB2B0BA02CB6}.Debug|x86.ActiveCfg = Debug|Win32
		{2A840DC3-FFA8-4562-BD13-AB2B0BA02CB6}.Debug|x86.Build.0 = Debug|Win32
		{2A840DC3-FFA8-4562-BD13-AB2B0BA02CB6}.Release|Any CPU.ActiveCfg = Release|x64
		{2A840DC3-FFA8-4562-BD13-AB2B0BA02CB6}.Release|Any CPU.Build.0 = Release|x64
		{2A840DC3-FFA8-4562-BD13-AB2B0BA02CB6}.Release|x64.ActiveCfg = Release|x64
		{2A840DC3-FFA8-4562-BD13-AB2B0BA02CB6}.Release|x64.Build.0 = Release|x64
		{2A840DC3-FFA8-4562-BD13-AB2B0BA02CB6}.Release|x86.ActiveCfg = Release|Win32
		{2A840DC3-FFA8-4562-BD13-AB2B0BA02CB6}.Release|x86.Build.0 = Release|Win32
		{20D8D3FE-8D49-4351-8DDD-2253E8D53C24}.Debug|Any CPU.ActiveCfg = Debug|Any CPU
		{20D8D3FE-8D49-4351-8DDD-2253E8D53C24}.Debug|Any CPU.Build.0 = Debug|Any CPU
		{20D8D3FE-8D49-4351-8DDD-2253E8D53C24}.Debug|x64.ActiveCfg = Debug|Any CPU
		{20D8D3FE-8D49-4351-8DDD-2253E8D53C24}.Debug|x64.Build.0 = Debug|Any CPU
		{20D8D3FE-8D49-4351-8DDD-2253E8D53C24}.Debug|x86.ActiveCfg = Debug|Any CPU
		{20D8D3FE-8D49-4351-8DDD-2253E8D53C24}.Debug|x86.Build.0 = Debug|Any CPU
		{20D8D3FE-8D49-4351-8DDD-2253E8D53C24}.Release|Any CPU.ActiveCfg = Release|Any CPU
		{20D8D3FE-8D49-4351-8DDD-2253E8D53C24}.Release|Any CPU.Build.0 = Release|Any CPU
		{20D8D3FE-8D49-4351-8DDD-2253E8D53C24}.Release|x64.ActiveCfg = Release|Any CPU
		{20D8D3FE-8D49-4351-8DDD-2253E8D53C24}.Release|x64.Build.0 = Release|Any CPU
		{20D8D3FE-8D49-4351-8DDD-2253E8D53C24}.Release|x86.ActiveCfg = Release|x86
		{20D8D3FE-8D49-4351-8DDD-2253E8D53C24}.Release|x86.Build.0 = Release|x86
		{ED0DB0E3-424A-47C7-88F0-48D79169D18B}.Debug|Any CPU.ActiveCfg = Debug|Any CPU
		{ED0DB0E3-424A-47C7-88F0-48D79169D18B}.Debug|Any CPU.Build.0 = Debug|Any CPU
		{ED0DB0E3-424A-47C7-88F0-48D79169D18B}.Debug|x64.ActiveCfg = Debug|Any CPU
		{ED0DB0E3-424A-47C7-88F0-48D79169D18B}.Debug|x64.Build.0 = Debug|Any CPU
		{ED0DB0E3-424A-47C7-88F0-48D79169D18B}.Debug|x86.ActiveCfg = Debug|x86
		{ED0DB0E3-424A-47C7-88F0-48D79169D18B}.Debug|x86.Build.0 = Debug|x86
		{ED0DB0E3-424A-47C7-88F0-48D79169D18B}.Release|Any CPU.ActiveCfg = Release|Any CPU
		{ED0DB0E3-424A-47C7-88F0-48D79169D18B}.Release|Any CPU.Build.0 = Release|Any CPU
		{ED0DB0E3-424A-47C7-88F0-48D79169D18B}.Release|x64.ActiveCfg = Release|Any CPU
		{ED0DB0E3-424A-47C7-88F0-48D79169D18B}.Release|x64.Build.0 = Release|Any CPU
		{ED0DB0E3-424A-47C7-88F0-48D79169D18B}.Release|x86.ActiveCfg = Release|x86
		{ED0DB0E3-424A-47C7-88F0-48D79169D18B}.Release|x86.Build.0 = Release|x86
		{830A7E28-7B2B-4BE6-8888-A39775A0092A}.Debug|Any CPU.ActiveCfg = Debug|x64
		{830A7E28-7B2B-4BE6-8888-A39775A0092A}.Debug|Any CPU.Build.0 = Debug|x64
		{830A7E28-7B2B-4BE6-8888-A39775A0092A}.Debug|x64.ActiveCfg = Debug|x64
		{830A7E28-7B2B-4BE6-8888-A39775A0092A}.Debug|x64.Build.0 = Debug|x64
		{830A7E28-7B2B-4BE6-8888-A39775A0092A}.Debug|x86.ActiveCfg = Debug|Win32
		{830A7E28-7B2B-4BE6-8888-A39775A0092A}.Debug|x86.Build.0 = Debug|Win32
		{830A7E28-7B2B-4BE6-8888-A39775A0092A}.Release|Any CPU.ActiveCfg = Release|x64
		{830A7E28-7B2B-4BE6-8888-A39775A0092A}.Release|Any CPU.Build.0 = Release|x64
		{830A7E28-7B2B-4BE6-8888-A39775A0092A}.Release|x64.ActiveCfg = Release|x64
		{830A7E28-7B2B-4BE6-8888-A39775A0092A}.Release|x64.Build.0 = Release|x64
		{830A7E28-7B2B-4BE6-8888-A39775A0092A}.Release|x86.ActiveCfg = Release|Win32
		{830A7E28-7B2B-4BE6-8888-A39775A0092A}.Release|x86.Build.0 = Release|Win32
		{C9264D0A-AC25-46B0-BD08-4A3252427F19}.Debug|Any CPU.ActiveCfg = Debug|x64
		{C9264D0A-AC25-46B0-BD08-4A3252427F19}.Debug|Any CPU.Build.0 = Debug|x64
		{C9264D0A-AC25-46B0-BD08-4A3252427F19}.Debug|x64.ActiveCfg = Debug|x64
		{C9264D0A-AC25-46B0-BD08-4A3252427F19}.Debug|x64.Build.0 = Debug|x64
		{C9264D0A-AC25-46B0-BD08-4A3252427F19}.Debug|x86.ActiveCfg = Debug|Win32
		{C9264D0A-AC25-46B0-BD08-4A3252427F19}.Debug|x86.Build.0 = Debug|Win32
		{C9264D0A-AC25-46B0-BD08-4A3252427F19}.Release|Any CPU.ActiveCfg = Release|x64
		{C9264D0A-AC25-46B0-BD08-4A3252427F19}.Release|Any CPU.Build.0 = Release|x64
		{C9264D0A-AC25-46B0-BD08-4A3252427F19}.Release|x64.ActiveCfg = Release|x64
		{C9264D0A-AC25-46B0-BD08-4A3252427F19}.Release|x64.Build.0 = Release|x64
		{C9264D0A-AC25-46B0-BD08-4A3252427F19}.Release|x86.ActiveCfg = Release|Win32
		{C9264D0A-AC25-46B0-BD08-4A3252427F19}.Release|x86.Build.0 = Release|Win32
		{8FD84749-23EC-491C-9C21-41DBD72BA9F4}.Debug|Any CPU.ActiveCfg = Debug|x64
		{8FD84749-23EC-491C-9C21-41DBD72BA9F4}.Debug|Any CPU.Build.0 = Debug|x64
		{8FD84749-23EC-491C-9C21-41DBD72BA9F4}.Debug|x64.ActiveCfg = Debug|x64
		{8FD84749-23EC-491C-9C21-41DBD72BA9F4}.Debug|x64.Build.0 = Debug|x64
		{8FD84749-23EC-491C-9C21-41DBD72BA9F4}.Debug|x86.ActiveCfg = Debug|Win32
		{8FD84749-23EC-491C-9C21-41DBD72BA9F4}.Debug|x86.Build.0 = Debug|Win32
		{8FD84749-23EC-491C-9C21-41DBD72BA9F4}.Release|Any CPU.ActiveCfg = Release|x64
		{8FD84749-23EC-491C-9C21-41DBD72BA9F4}.Release|Any CPU.Build.0 = Release|x64
		{8FD84749-23EC-491C-9C21-41DBD72BA9F4}.Release|x64.ActiveCfg = Release|x64
		{8FD84749-23EC-491C-9C21-41DBD72BA9F4}.Release|x64.Build.0 = Release|x64
		{8FD84749-23EC-491C-9C21-41DBD72BA9F4}.Release|x86.ActiveCfg = Release|Win32
		{8FD84749-23EC-491C-9C21-41DBD72BA9F4}.Release|x86.Build.0 = Release|Win32
		{5B70A795-A6F2-44DF-8566-5D68D9E892DB}.Debug|Any CPU.ActiveCfg = Debug|x64
		{5B70A795-A6F2-44DF-8566-5D68D9E892DB}.Debug|Any CPU.Build.0 = Debug|x64
		{5B70A795-A6F2-44DF-8566-5D68D9E892DB}.Debug|x64.ActiveCfg = Debug|x64
		{5B70A795-A6F2-44DF-8566-5D68D9E892DB}.Debug|x64.Build.0 = Debug|x64
		{5B70A795-A6F2-44DF-8566-5D68D9E892DB}.Debug|x86.ActiveCfg = Debug|Win32
		{5B70A795-A6F2-44DF-8566-5D68D9E892DB}.Debug|x86.Build.0 = Debug|Win32
		{5B70A795-A6F2-44DF-8566-5D68D9E892DB}.Release|Any CPU.ActiveCfg = Release|x64
		{5B70A795-A6F2-44DF-8566-5D68D9E892DB}.Release|Any CPU.Build.0 = Release|x64
		{5B70A795-A6F2-44DF-8566-5D68D9E892DB}.Release|x64.ActiveCfg = Release|x64
		{5B70A795-A6F2-44DF-8566-5D68D9E892DB}.Release|x64.Build.0 = Release|x64
		{5B70A795-A6F2-44DF-8566-5D68D9E892DB}.Release|x86.ActiveCfg = Release|Win32
		{5B70A795-A6F2-44DF-8566-5D68D9E892DB}.Release|x86.Build.0 = Release|Win32
		{ABFE159E-84D5-489E-BFE6-8A7F4B597A44}.Debug|Any CPU.ActiveCfg = Debug|x64
		{ABFE159E-84D5-489E-BFE6-8A7F4B597A44}.Debug|Any CPU.Build.0 = Debug|x64
		{ABFE159E-84D5-489E-BFE6-8A7F4B597A44}.Debug|x64.ActiveCfg = Debug|x64
		{ABFE159E-84D5-489E-BFE6-8A7F4B597A44}.Debug|x64.Build.0 = Debug|x64
		{ABFE159E-84D5-489E-BFE6-8A7F4B597A44}.Debug|x86.ActiveCfg = Debug|Win32
		{ABFE159E-84D5-489E-BFE6-8A7F4B597A44}.Debug|x86.Build.0 = Debug|Win32
		{ABFE159E-84D5-489E-BFE6-8A7F4B597A44}.Release|Any CPU.ActiveCfg = Release|x64
		{ABFE159E-84D5-489E-BFE6-8A7F4B597A44}.Release|Any CPU.Build.0 = Release|x64
		{ABFE159E-84D5-489E-BFE6-8A7F4B597A44}.Release|x64.ActiveCfg = Release|x64
		{ABFE159E-84D5-489E-BFE6-8A7F4B597A44}.Release|x64.Build.0 = Release|x64
		{ABFE159E-84D5-489E-BFE6-8A7F4B597A44}.Release|x86.ActiveCfg = Release|Win32
		{ABFE159E-84D5-489E-BFE6-8A7F4B597A44}.Release|x86.Build.0 = Release|Win32
		{E9AE1AF4-6B6A-4E10-B136-7A8AFFC5B910}.Debug|Any CPU.ActiveCfg = Debug|x64
		{E9AE1AF4-6B6A-4E10-B136-7A8AFFC5B910}.Debug|Any CPU.Build.0 = Debug|x64
		{E9AE1AF4-6B6A-4E10-B136-7A8AFFC5B910}.Debug|x64.ActiveCfg = Debug|x64
		{E9AE1AF4-6B6A-4E10-B136-7A8AFFC5B910}.Debug|x64.Build.0 = Debug|x64
		{E9AE1AF4-6B6A-4E10-B136-7A8AFFC5B910}.Debug|x86.ActiveCfg = Debug|Win32
		{E9AE1AF4-6B6A-4E10-B136-7A8AFFC5B910}.Debug|x86.Build.0 = Debug|Win32
		{E9AE1AF4-6B6A-4E10-B136-7A8AFFC5B910}.Release|Any CPU.ActiveCfg = Release|x64
		{E9AE1AF4-6B6A-4E10-B136-7A8AFFC5B910}.Release|Any CPU.Build.0 = Release|x64
		{E9AE1AF4-6B6A-4E10-B136-7A8AFFC5B910}.Release|x64.ActiveCfg = Release|x64
		{E9AE1AF4-6B6A-4E10-B136-7A8AFFC5B910}.Release|x64.Build.0 = Release|x64
		{E9AE1AF4-6B6A-4E10-B136-7A8AFFC5B910}.Release|x86.ActiveCfg = Release|Win32
		{E9AE1AF4-6B6A-4E10-B136-7A8AFFC5B910}.Release|x86.Build.0 = Release|Win32
		{197C5BB5-72D2-4634-A5F8-8443DBF39985}.Debug|Any CPU.ActiveCfg = Debug|x64
		{197C5BB5-72D2-4634-A5F8-8443DBF39985}.Debug|Any CPU.Build.0 = Debug|x64
		{197C5BB5-72D2-4634-A5F8-8443DBF39985}.Debug|x64.ActiveCfg = Debug|x64
		{197C5BB5-72D2-4634-A5F8-8443DBF39985}.Debug|x64.Build.0 = Debug|x64
		{197C5BB5-72D2-4634-A5F8-8443DBF39985}.Debug|x86.ActiveCfg = Debug|Win32
		{197C5BB5-72D2-4634-A5F8-8443DBF39985}.Debug|x86.Build.0 = Debug|Win32
		{197C5BB5-72D2-4634-A5F8-8443DBF39985}.Release|Any CPU.ActiveCfg = Release|x64
		{197C5BB5-72D2-4634-A5F8-8443DBF39985}.Release|Any CPU.Build.0 = Release|x64
		{197C5BB5-72D2-4634-A5F8-8443DBF39985}.Release|x64.ActiveCfg = Release|x64
		{197C5BB5-72D2-4634-A5F8-8443DBF39985}.Release|x64.Build.0 = Release|x64
		{197C5BB5-72D2-4634-A5F8-8443DBF39985}.Release|x86.ActiveCfg = Release|Win32
		{197C5BB5-72D2-4634-A5F8-8443DBF39985}.Release|x86.Build.0 = Release|Win32
		{856FBB90-AE1D-4F23-A919-53727E0E9BC6}.Debug|Any CPU.ActiveCfg = Debug|x64
		{856FBB90-AE1D-4F23-A919-53727E0E9BC6}.Debug|Any CPU.Build.0 = Debug|x64
		{856FBB90-AE1D-4F23-A919-53727E0E9BC6}.Debug|x64.ActiveCfg = Debug|x64
		{856FBB90-AE1D-4F23-A919-53727E0E9BC6}.Debug|x64.Build.0 = Debug|x64
		{856FBB90-AE1D-4F23-A919-53727E0E9BC6}.Debug|x86.ActiveCfg = Debug|Win32
		{856FBB90-AE1D-4F23-A919-53727E0E9BC6}.Debug|x86.Build.0 = Debug|Win32
		{856FBB90-AE1D-4F23-A919-53727E0E9BC6}.Release|Any CPU.ActiveCfg = Release|x64
		{856FBB90-AE1D-4F23-A919-53727E0E9BC6}.Release|Any CPU.Build.0 = Release|x64
		{856FBB90-AE1D-4F23-A919-53727E0E9BC6}.Release|x64.ActiveCfg = Release|x64
		{856FBB90-AE1D-4F23-A919-53727E0E9BC6}.Release|x64.Build.0 = Release|x64
		{856FBB90-AE1D-4F23-A919-53727E0E9BC6}.Release|x86.ActiveCfg = Release|Win32
		{856FBB90-AE1D-4F23-A919-53727E0E9BC6}.Release|x86.Build.0 = Release|Win32
	EndGlobalSection
	GlobalSection(SolutionProperties) = preSolution
		HideSolutionNode = FALSE
	EndGlobalSection
	GlobalSection(NestedProjects) = preSolution
		{4F6DD35B-A0C8-47EE-880A-1224FADE9276} = {E91B7D05-94FA-4E24-8981-411E6A60092E}
		{84C62EFC-DBA2-4D47-BB81-322E8902C6D6} = {E91B7D05-94FA-4E24-8981-411E6A60092E}
		{B829E436-91EA-46B3-949B-3273211C8F56} = {E91B7D05-94FA-4E24-8981-411E6A60092E}
		{091562A5-5C72-4115-A053-DAF183A3B45B} = {E91B7D05-94FA-4E24-8981-411E6A60092E}
		{46556AFC-C248-4082-ABE6-9B07F4E57579} = {E91B7D05-94FA-4E24-8981-411E6A60092E}
		{D3F92F34-63DB-446F-BD0B-851AD0069805} = {E91B7D05-94FA-4E24-8981-411E6A60092E}
		{70922447-EBF0-4473-B014-776F8C9426E7} = {E91B7D05-94FA-4E24-8981-411E6A60092E}
		{DD397EC4-844B-4B59-A67B-CAD6B46F1F00} = {B5342381-A5C8-429B-99E6-49C86AD55C4E}
		{A5E9AE41-F4FA-40CE-AD82-A7861EBA007B} = {B5342381-A5C8-429B-99E6-49C86AD55C4E}
		{5D50772E-DAC8-407D-972F-37DEB4450B72} = {B5342381-A5C8-429B-99E6-49C86AD55C4E}
		{D32EE397-7E49-452D-AC95-AFCB3C962E3D} = {B5342381-A5C8-429B-99E6-49C86AD55C4E}
		{131001E3-0201-451F-A87B-951D1C5C3EEE} = {B5342381-A5C8-429B-99E6-49C86AD55C4E}
		{6DD5CA4F-2AE9-44D3-B9D7-A2A4A35FC5B2} = {B5342381-A5C8-429B-99E6-49C86AD55C4E}
		{ED4C887A-EC09-465B-B5D9-075450ADC52D} = {B5342381-A5C8-429B-99E6-49C86AD55C4E}
		{16BF6131-A3B8-4B97-B867-E45669FB48BD} = {B5342381-A5C8-429B-99E6-49C86AD55C4E}
		{87B3B6FB-AE1F-4777-ABBF-3E42E0DEB336} = {B5342381-A5C8-429B-99E6-49C86AD55C4E}
		{2337C4A4-3AB4-4014-9C29-9EBE32F4510E} = {B5342381-A5C8-429B-99E6-49C86AD55C4E}
		{6DABCBF1-245A-4E76-BD36-8BC300C7DD82} = {966ADF45-F9C2-4559-A8C1-30DA28498442}
		{C97A9845-02DC-46E4-B219-BF5EA8FB28E3} = {966ADF45-F9C2-4559-A8C1-30DA28498442}
		{31253D7F-147E-49A3-BC0D-E0ADE6CF040B} = {966ADF45-F9C2-4559-A8C1-30DA28498442}
		{5772D362-7277-49CF-9B49-42335A3154BD} = {966ADF45-F9C2-4559-A8C1-30DA28498442}
		{8ACD05E8-42FB-4A49-9D8B-79239F0EED25} = {966ADF45-F9C2-4559-A8C1-30DA28498442}
		{5406EB0C-2243-47E1-9F21-F2D7CA277092} = {966ADF45-F9C2-4559-A8C1-30DA28498442}
		{D0B2ADFE-3347-4D73-9364-9C36935D12F8} = {966ADF45-F9C2-4559-A8C1-30DA28498442}
		{89CF8BDB-9C8A-4D18-BC3E-4312C5BD34B1} = {515E72C2-A29C-4742-B0EB-509801A04F5B}
		{58E950CC-2FF6-423C-B006-A70A19272F20} = {515E72C2-A29C-4742-B0EB-509801A04F5B}
		{2A840DC3-FFA8-4562-BD13-AB2B0BA02CB6} = {515E72C2-A29C-4742-B0EB-509801A04F5B}
		{830A7E28-7B2B-4BE6-8888-A39775A0092A} = {E91B7D05-94FA-4E24-8981-411E6A60092E}
		{C9264D0A-AC25-46B0-BD08-4A3252427F19} = {E91B7D05-94FA-4E24-8981-411E6A60092E}
		{8FD84749-23EC-491C-9C21-41DBD72BA9F4} = {E91B7D05-94FA-4E24-8981-411E6A60092E}
		{5B70A795-A6F2-44DF-8566-5D68D9E892DB} = {B5342381-A5C8-429B-99E6-49C86AD55C4E}
		{ABFE159E-84D5-489E-BFE6-8A7F4B597A44} = {B5342381-A5C8-429B-99E6-49C86AD55C4E}
		{E9AE1AF4-6B6A-4E10-B136-7A8AFFC5B910} = {E91B7D05-94FA-4E24-8981-411E6A60092E}
		{197C5BB5-72D2-4634-A5F8-8443DBF39985} = {E91B7D05-94FA-4E24-8981-411E6A60092E}
		{856FBB90-AE1D-4F23-A919-53727E0E9BC6} = {E91B7D05-94FA-4E24-8981-411E6A60092E}
	EndGlobalSection
	GlobalSection(ExtensibilityGlobals) = postSolution
		SolutionGuid = {574F8A61-4693-4FDE-8770-BFAFF64BB7A0}
	EndGlobalSection
EndGlobal
