<?xml version="1.0" encoding="utf-8"?>
<Project ToolsVersion="4.0" xmlns="http://schemas.microsoft.com/developer/msbuild/2003">
  <ItemGroup>
    <Filter Include="Source Files">
      <UniqueIdentifier>{4FC737F1-C7A5-4376-A066-2A32D752A2FF}</UniqueIdentifier>
      <Extensions>cpp;c;cc;cxx;def;odl;idl;hpj;bat;asm;asmx</Extensions>
    </Filter>
    <Filter Include="Header Files">
      <UniqueIdentifier>{93995380-89BD-4b04-88EB-625FBE52EBFB}</UniqueIdentifier>
      <Extensions>h;hh;hpp;hxx;hm;inl;inc;xsd</Extensions>
    </Filter>
    <Filter Include="Resource Files">
      <UniqueIdentifier>{67DA6AB6-F800-4c08-8B7A-83BB121AAD01}</UniqueIdentifier>
      <Extensions>rc;ico;cur;bmp;dlg;rc2;rct;bin;rgs;gif;jpg;jpeg;jpe;resx;tiff;tif;png;wav;mfcribbon-ms</Extensions>
    </Filter>
  </ItemGroup>
  <ItemGroup>
    <ClCompile Include="Interpreter.cpp">
      <Filter>Source Files</Filter>
    </ClCompile>
    <ClCompile Include="Core.cpp">
      <Filter>Source Files</Filter>
    </ClCompile>
    <ClCompile Include="TypeSystem.cpp">
      <Filter>Source Files</Filter>
    </ClCompile>
    <ClCompile Include="Cache.cpp">
      <Filter>Source Files</Filter>
    </ClCompile>
    <ClCompile Include="Execution.cpp">
      <Filter>Source Files</Filter>
    </ClCompile>
    <ClCompile Include="CLR_RT_Memory.cpp">
      <Filter>Source Files</Filter>
    </ClCompile>
    <ClCompile Include="CLR_RT_DblLinkedList.cpp">
      <Filter>Source Files</Filter>
    </ClCompile>
    <ClCompile Include="CLR_RT_HeapBlock_Timer.cpp">
      <Filter>Source Files</Filter>
    </ClCompile>
    <ClCompile Include="CLR_RT_HeapBlock_String.cpp">
      <Filter>Source Files</Filter>
    </ClCompile>
    <ClCompile Include="CLR_RT_HeapBlock.cpp">
      <Filter>Source Files</Filter>
    </ClCompile>
    <ClCompile Include="CLR_RT_HeapBlock_Array.cpp">
      <Filter>Source Files</Filter>
    </ClCompile>
    <ClCompile Include="CLR_RT_HeapBlock_Delegate.cpp">
      <Filter>Source Files</Filter>
    </ClCompile>
    <ClCompile Include="CLR_RT_HeapBlock_Finalizer.cpp">
      <Filter>Source Files</Filter>
    </ClCompile>
    <ClCompile Include="CLR_RT_HeapBlock_Lock.cpp">
      <Filter>Source Files</Filter>
    </ClCompile>
    <ClCompile Include="GarbageCollector.cpp">
      <Filter>Source Files</Filter>
    </ClCompile>
    <ClCompile Include="StringTable.cpp">
      <Filter>Source Files</Filter>
    </ClCompile>
    <ClCompile Include="CLR_RT_HeapBlock_Stack.cpp">
      <Filter>Source Files</Filter>
    </ClCompile>
    <ClCompile Include="Streams.cpp">
      <Filter>Source Files</Filter>
    </ClCompile>
    <ClCompile Include="CLR_RT_ObjectToEvent_Source.cpp">
      <Filter>Source Files</Filter>
    </ClCompile>
    <ClCompile Include="TypeSystemLookup.cpp">
      <Filter>Source Files</Filter>
    </ClCompile>
    <ClCompile Include="Thread.cpp">
      <Filter>Source Files</Filter>
    </ClCompile>
    <ClCompile Include="CLR_RT_HeapBlock_BinaryBlob.cpp">
      <Filter>Source Files</Filter>
    </ClCompile>
    <ClCompile Include="CLR_RT_UnicodeHelper.cpp">
      <Filter>Source Files</Filter>
    </ClCompile>
    <ClCompile Include="CLR_RT_HeapCluster.cpp">
      <Filter>Source Files</Filter>
    </ClCompile>
    <ClCompile Include="GarbageCollector_Compaction.cpp">
      <Filter>Source Files</Filter>
    </ClCompile>
    <ClCompile Include="CLR_RT_ObjectToEvent_Destination.cpp">
      <Filter>Source Files</Filter>
    </ClCompile>
    <ClCompile Include="Various.cpp">
      <Filter>Source Files</Filter>
    </ClCompile>
    <ClCompile Include="GarbageCollector_ComputeReachabilityGraph.cpp">
      <Filter>Source Files</Filter>
    </ClCompile>
    <ClCompile Include="CLR_RT_StackFrame.cpp">
      <Filter>Source Files</Filter>
    </ClCompile>
    <ClCompile Include="CLR_RT_HeapBlock_WaitForObject.cpp">
      <Filter>Source Files</Filter>
    </ClCompile>
    <ClCompile Include="CLR_RT_HeapBlock_Node.cpp">
      <Filter>Source Files</Filter>
    </ClCompile>
    <ClCompile Include="CLR_RT_HeapBlock_Delegate_List.cpp">
      <Filter>Source Files</Filter>
    </ClCompile>
    <ClCompile Include="CLR_RT_HeapBlock_LockRequest.cpp">
      <Filter>Source Files</Filter>
    </ClCompile>
    <ClCompile Include="Checks.cpp">
      <Filter>Source Files</Filter>
    </ClCompile>
    <ClCompile Include="CLR_RT_RuntimeMemory.cpp">
      <Filter>Source Files</Filter>
    </ClCompile>
    <ClCompile Include="CLR_RT_SystemAssembliesTable.cpp">
      <Filter>Source Files</Filter>
    </ClCompile>
    <ClCompile Include="CLR_RT_Interop.cpp">
      <Filter>Source Files</Filter>
    </ClCompile>
    <ClCompile Include="CLR_RT_HeapBlock_ArrayList.cpp">
      <Filter>Source Files</Filter>
    </ClCompile>
    <ClCompile Include="CLR_RT_HeapBlock_Queue.cpp">
      <Filter>Source Files</Filter>
    </ClCompile>
    <ClCompile Include="Random.cpp">
      <Filter>Source Files</Filter>
    </ClCompile>
  </ItemGroup>
  <ItemGroup>
    <ClInclude Include="Core.h">
      <Filter>Header Files</Filter>
    </ClInclude>
    <ClInclude Include="..\Include\nanoCLR_Runtime__HeapBlock.h">
      <Filter>Header Files</Filter>
    </ClInclude>
    <ClInclude Include="..\Include\nanoCLR_Types.h">
      <Filter>Header Files</Filter>
    </ClInclude>
    <ClInclude Include="..\Include\nanoCLR_PlatformDef.h">
      <Filter>Header Files</Filter>
    </ClInclude>
    <ClInclude Include="..\Include\nanoCLR_Runtime.h">
      <Filter>Header Files</Filter>
    </ClInclude>
    <ClInclude Include="..\Include\nanoCLR_Interop.h">
      <Filter>Header Files</Filter>
    </ClInclude>
    <ClInclude Include="..\Include\nanoCLR_Debugging.h">
      <Filter>Header Files</Filter>
    </ClInclude>
    <ClInclude Include="..\Include\nanoCLR_ErrorCodes.h">
      <Filter>Header Files</Filter>
    </ClInclude>
    <ClInclude Include="..\Include\netmf_errors.h">
      <Filter>Header Files</Filter>
    </ClInclude>
    <ClInclude Include="..\Include\nanoHAL.h">
      <Filter>Header Files</Filter>
    </ClInclude>
    <ClInclude Include="..\Include\nanoCLR_Messaging.h">
      <Filter>Header Files</Filter>
    </ClInclude>
    <ClInclude Include="..\Include\nanoPAL.h">
      <Filter>Header Files</Filter>
    </ClInclude>
    <ClInclude Include="..\Include\nanoCLR_Checks.h">
      <Filter>Header Files</Filter>
    </ClInclude>
    <ClInclude Include="..\Include\nanoHAL_Types.h">
      <Filter>Header Files</Filter>
    </ClInclude>
    <ClInclude Include="..\Include\nanoCLR_Runtime__Serialization.h">
      <Filter>Header Files</Filter>
    </ClInclude>
    <ClInclude Include="..\Include\nanoSupport.h">
      <Filter>Header Files</Filter>
    </ClInclude>
    <ClInclude Include="..\Include\nanoCLR_Profiling.h">
      <Filter>Header Files</Filter>
    </ClInclude>
    <ClInclude Include="..\Include\nanoCLR_Hardware.h">
      <Filter>Header Files</Filter>
    </ClInclude>
    <ClInclude Include="..\Include\nanoCLR_Win32.h">
      <Filter>Header Files</Filter>
    </ClInclude>
    <ClInclude Include="..\Include\nanoCLR_Application.h">
      <Filter>Header Files</Filter>
    </ClInclude>
    <ClInclude Include="corhdr_private.h">
      <Filter>Header Files</Filter>
    </ClInclude>
    <ClInclude Include="..\Include\nanoHAL_ReleaseInfo.h">
      <Filter>Header Files</Filter>
    </ClInclude>
  </ItemGroup>
  <ItemGroup>
    <None Include="StringTableData.cpp">
      <Filter>Source Files</Filter>
    </None>
    <None Include="..\Include\opcode.def">
      <Filter>Header Files</Filter>
    </None>
  </ItemGroup>
</Project>