<?xml version="1.0" encoding="utf-8"?>
<Project ToolsVersion="4.0" xmlns="http://schemas.microsoft.com/developer/msbuild/2003">
  <ItemGroup>
    <Filter Include="Source Files">
      <UniqueIdentifier>{4FC737F1-C7A5-4376-A066-2A32D752A2FF}</UniqueIdentifier>
      <Extensions>cpp;c;cc;cxx;def;odl;idl;hpj;bat;asm;asmx</Extensions>
    </Filter>
    <Filter Include="Header Files">
      <UniqueIdentifier>{93995380-89BD-4b04-88EB-625FBE52EBFB}</UniqueIdentifier>
      <Extensions>h;hh;hpp;hxx;hm;inl;inc;xsd</Extensions>
    </Filter>
    <Filter Include="Resource Files">
      <UniqueIdentifier>{67DA6AB6-F800-4c08-8B7A-83BB121AAD01}</UniqueIdentifier>
      <Extensions>rc;ico;cur;bmp;dlg;rc2;rct;bin;rgs;gif;jpg;jpeg;jpe;resx;tiff;tif;png;wav;mfcribbon-ms</Extensions>
    </Filter>
  </ItemGroup>
  <ItemGroup>
    <ClInclude Include="corlib_native.h">
      <Filter>Header Files</Filter>
    </ClInclude>
    <ClInclude Include="CorLib.h">
      <Filter>Header Files</Filter>
    </ClInclude>
    <ClInclude Include="..\..\..\targets\os\win32\Include\target_os.h">
      <Filter>Header Files</Filter>
    </ClInclude>
  </ItemGroup>
  <ItemGroup>
    <ClCompile Include="corlib_native_System_Exception.cpp">
      <Filter>Source Files</Filter>
    </ClCompile>
    <ClCompile Include="corlib_native_System_Threading_Thread.cpp">
      <Filter>Source Files</Filter>
    </ClCompile>
    <ClCompile Include="corlib_native_System_DateTime.cpp">
      <Filter>Source Files</Filter>
    </ClCompile>
    <ClCompile Include="corlib_native_System_TimeSpan.cpp">
      <Filter>Source Files</Filter>
    </ClCompile>
    <ClCompile Include="corlib_native_System_String.cpp">
      <Filter>Source Files</Filter>
    </ClCompile>
    <ClCompile Include="corlib_native_System_Object.cpp">
      <Filter>Source Files</Filter>
    </ClCompile>
    <ClCompile Include="corlib_native_System_ValueType.cpp">
      <Filter>Source Files</Filter>
    </ClCompile>
    <ClCompile Include="corlib_native_System_Array.cpp">
      <Filter>Source Files</Filter>
    </ClCompile>
    <ClCompile Include="corlib_native_System_AppDomain.cpp">
      <Filter>Source Files</Filter>
    </ClCompile>
    <ClCompile Include="corlib_native_System_Delegate.cpp">
      <Filter>Source Files</Filter>
    </ClCompile>
    <ClCompile Include="corlib_native_System_MulticastDelegate.cpp">
      <Filter>Source Files</Filter>
    </ClCompile>
    <ClCompile Include="corlib_native_System_BitConverter.cpp">
      <Filter>Source Files</Filter>
    </ClCompile>
    <ClCompile Include="corlib_native_System_Collections_ArrayList.cpp">
      <Filter>Source Files</Filter>
    </ClCompile>
    <ClCompile Include="corlib_native_System_Collections_Queue.cpp">
      <Filter>Source Files</Filter>
    </ClCompile>
    <ClCompile Include="corlib_native_System_Collections_Stack.cpp">
      <Filter>Source Files</Filter>
    </ClCompile>
    <ClCompile Include="corlib_native_System_Diagnostics_Debugger.cpp">
      <Filter>Source Files</Filter>
    </ClCompile>
    <ClCompile Include="corlib_native_System_Double.cpp">
      <Filter>Source Files</Filter>
    </ClCompile>
    <ClCompile Include="corlib_native_System_GC.cpp">
      <Filter>Source Files</Filter>
    </ClCompile>
    <ClCompile Include="corlib_native_System_Globalization_CultureInfo.cpp">
      <Filter>Source Files</Filter>
    </ClCompile>
    <ClCompile Include="corlib_native_System_Globalization_DateTimeFormat.cpp">
      <Filter>Source Files</Filter>
    </ClCompile>
    <ClCompile Include="corlib_native_System_Number.cpp">
      <Filter>Source Files</Filter>
    </ClCompile>
    <ClCompile Include="corlib_native_System_Random.cpp">
      <Filter>Source Files</Filter>
    </ClCompile>
    <ClCompile Include="corlib_native_System_Reflection_Assembly.cpp">
      <Filter>Source Files</Filter>
    </ClCompile>
    <ClCompile Include="corlib_native_System_Reflection_MethodBase.cpp">
      <Filter>Source Files</Filter>
    </ClCompile>
    <ClCompile Include="corlib_native_System_Reflection_ConstructorInfo.cpp">
      <Filter>Source Files</Filter>
    </ClCompile>
    <ClCompile Include="corlib_native_System_Reflection_FieldInfo.cpp">
      <Filter>Source Files</Filter>
    </ClCompile>
    <ClCompile Include="corlib_native_System_Reflection_RuntimeFieldInfo.cpp">
      <Filter>Source Files</Filter>
    </ClCompile>
    <ClCompile Include="corlib_native_System_Reflection_PropertyInfo.cpp">
      <Filter>Source Files</Filter>
    </ClCompile>
    <ClCompile Include="corlib_native_System_Reflection_RuntimeMethodInfo.cpp">
      <Filter>Source Files</Filter>
    </ClCompile>
    <ClCompile Include="corlib_native_System_Resources_ResourceManager.cpp">
      <Filter>Source Files</Filter>
    </ClCompile>
    <ClCompile Include="corlib_native_System_Runtime_CompilerServices_RuntimeHelpers.cpp">
      <Filter>Source Files</Filter>
    </ClCompile>
    <ClCompile Include="corlib_native_System_Runtime_Remoting_RemotingServices.cpp">
      <Filter>Source Files</Filter>
    </ClCompile>
    <ClCompile Include="corlib_native_System_RuntimeType.cpp">
      <Filter>Source Files</Filter>
    </ClCompile>
    <ClCompile Include="corlib_native_System_Text_UTF8Decoder.cpp">
      <Filter>Source Files</Filter>
    </ClCompile>
    <ClCompile Include="corlib_native_System_Text_UTF8Encoding.cpp">
      <Filter>Source Files</Filter>
    </ClCompile>
    <ClCompile Include="corlib_native_System_Threading_WaitHandle.cpp">
      <Filter>Source Files</Filter>
    </ClCompile>
    <ClCompile Include="corlib_native_System_Threading_AutoResetEvent.cpp">
      <Filter>Source Files</Filter>
    </ClCompile>
    <ClCompile Include="corlib_native_System_Threading_Interlocked.cpp">
      <Filter>Source Files</Filter>
    </ClCompile>
    <ClCompile Include="corlib_native_System_Threading_ManualResetEvent.cpp">
      <Filter>Source Files</Filter>
    </ClCompile>
    <ClCompile Include="corlib_native_System_Threading_Monitor.cpp">
      <Filter>Source Files</Filter>
    </ClCompile>
    <ClCompile Include="corlib_native_System_Threading_Timer.cpp">
      <Filter>Source Files</Filter>
    </ClCompile>
    <ClCompile Include="corlib_native_System_Type.cpp">
      <Filter>Source Files</Filter>
    </ClCompile>
    <ClCompile Include="corlib_native_System_WeakReference.cpp">
      <Filter>Source Files</Filter>
    </ClCompile>
    <ClCompile Include="corlib_native_System_Attribute.cpp">
      <Filter>Source Files</Filter>
    </ClCompile>
    <ClCompile Include="corlib_native_System_Enum.cpp">
      <Filter>Source Files</Filter>
    </ClCompile>
    <ClCompile Include="corlib_native_System_MarshalByRefObject.cpp">
      <Filter>Source Files</Filter>
    </ClCompile>
    <ClCompile Include="corlib_native_System_Reflection_Binder.cpp">
      <Filter>Source Files</Filter>
    </ClCompile>
    <ClCompile Include="corlib_native_System_Reflection_MemberInfo.cpp">
      <Filter>Source Files</Filter>
    </ClCompile>
    <ClCompile Include="corlib_native_System_Convert.cpp">
      <Filter>Source Files</Filter>
    </ClCompile>
    <ClCompile Include="corlib_native_System_Guid.cpp">
      <Filter>Source Files</Filter>
    </ClCompile>
    <ClCompile Include="corlib_native.cpp">
      <Filter>Source Files</Filter>
    </ClCompile>
    <ClCompile Include="corlib_native_System_Console.cpp">
      <Filter>Source Files</Filter>
    </ClCompile>
    <ClCompile Include="corlib_native_System_MathInternal.cpp">
      <Filter>Source Files</Filter>
    </ClCompile>
  </ItemGroup>
</Project>