<?xml version="1.0" encoding="utf-8"?>
<Project ToolsVersion="4.0" xmlns="http://schemas.microsoft.com/developer/msbuild/2003">
  <ItemGroup>
    <Filter Include="Source Files">
      <UniqueIdentifier>{4FC737F1-C7A5-4376-A066-2A32D752A2FF}</UniqueIdentifier>
      <Extensions>cpp;c;cc;cxx;def;odl;idl;hpj;bat;asm;asmx</Extensions>
    </Filter>
    <Filter Include="Header Files">
      <UniqueIdentifier>{93995380-89BD-4b04-88EB-625FBE52EBFB}</UniqueIdentifier>
      <Extensions>h;hh;hpp;hxx;hm;inl;inc;xsd</Extensions>
    </Filter>
    <Filter Include="Resource Files">
      <UniqueIdentifier>{67DA6AB6-F800-4c08-8B7A-83BB121AAD01}</UniqueIdentifier>
      <Extensions>rc;ico;cur;bmp;dlg;rc2;rct;bin;rgs;gif;jpg;jpeg;jpe;resx;tiff;tif;png;wav;mfcribbon-ms</Extensions>
    </Filter>
    <Filter Include="configs">
      <UniqueIdentifier>{5f608a27-fb37-483f-a847-7b07ead070bd}</UniqueIdentifier>
    </Filter>
    <Filter Include="Source Files\Portable">
      <UniqueIdentifier>{65b75b38-5896-421b-9ec8-bd712087f03b}</UniqueIdentifier>
    </Filter>
    <Filter Include="Source Files\Utils">
      <UniqueIdentifier>{848d7c33-4e9b-4321-a597-02c32e095aa7}</UniqueIdentifier>
    </Filter>
  </ItemGroup>
  <ItemGroup>
    <ClInclude Include="FreeRTOSConfig.h">
      <Filter>configs</Filter>
    </ClInclude>
    <ClInclude Include="$(FREERTOS_PATH)\FreeRTOS\Source\portable\MSVC-MingW\portmacro.h">
      <Filter>Header Files</Filter>
    </ClInclude>
  </ItemGroup>
  <ItemGroup>
    <ClCompile Include="$(FREERTOS_PATH)\FreeRTOS\Source\croutine.c">
      <Filter>Source Files</Filter>
    </ClCompile>
    <ClCompile Include="$(FREERTOS_PATH)\FreeRTOS\Source\event_groups.c">
      <Filter>Source Files</Filter>
    </ClCompile>
    <ClCompile Include="$(FREERTOS_PATH)\FreeRTOS\Source\stream_buffer.c">
      <Filter>Source Files</Filter>
    </ClCompile>
    <ClCompile Include="$(FREERTOS_PATH)\FreeRTOS\Source\timers.c">
      <Filter>Source Files</Filter>
    </ClCompile>
    <ClCompile Include="$(FREERTOS_PATH)\FreeRTOS\Source\portable\MemMang\heap_4.c">
      <Filter>Source Files\Portable</Filter>
    </ClCompile>
    <ClCompile Include="$(FREERTOS_PATH)\FreeRTOS\Source\portable\MSVC-MingW\port.c">
      <Filter>Source Files</Filter>
    </ClCompile>
    <ClCompile Include="$(FREERTOS_PATH)\FreeRTOS\Source\list.c">
      <Filter>Source Files</Filter>
    </ClCompile>
    <ClCompile Include="$(FREERTOS_PATH)\FreeRTOS\Source\queue.c">
      <Filter>Source Files</Filter>
    </ClCompile>
    <ClCompile Include="$(FREERTOS_PATH)\FreeRTOS\Source\tasks.c">
      <Filter>Source Files</Filter>
    </ClCompile>
    <ClCompile Include="Run-time-stats-utils.c">
      <Filter>Source Files\Utils</Filter>
    </ClCompile>
    <ClCompile Include="freertos_utils.c">
      <Filter>Source Files</Filter>
    </ClCompile>
  </ItemGroup>
</Project>